{
  "version": 4,
  "terraform_version": "1.6.0",
  "serial": 5,
  "lineage": "44075ebe-b91a-1e72-3b17-affdfb63c0f1",
  "outputs": {},
  "resources": [
    {
      "mode": "managed",
      "type": "aws_transfer_server",
      "name": "tf-sftp-burn-severity",
      "provider": "provider[\"registry.opentofu.org/hashicorp/aws\"]",
      "instances": [
        {
          "schema_version": 0,
          "attributes": {
            "arn": "arn:aws:transfer:us-east-2:557418946771:server/s-6efe89237c2d44db8",
            "certificate": "",
            "directory_id": "",
            "domain": "S3",
            "endpoint": "s-6efe89237c2d44db8.server.transfer.us-east-2.amazonaws.com",
            "endpoint_details": [],
            "endpoint_type": "PUBLIC",
            "force_destroy": false,
            "function": "",
            "host_key": null,
            "host_key_fingerprint": "SHA256:fRjeQpliLRbEgIu2x5whU5Zw3MzX49yCSfq/pqQ0efs=",
            "id": "s-6efe89237c2d44db8",
            "identity_provider_type": "SERVICE_MANAGED",
            "invocation_role": "",
            "logging_role": "",
            "post_authentication_login_banner": "",
            "pre_authentication_login_banner": "",
            "protocol_details": [
              {
                "as2_transports": [],
                "passive_ip": "AUTO",
                "set_stat_option": "DEFAULT",
                "tls_session_resumption_mode": "ENFORCED"
              }
            ],
            "protocols": [
              "SFTP"
            ],
            "security_policy_name": "TransferSecurityPolicy-2018-11",
            "tags": null,
            "tags_all": {},
            "url": "",
            "workflow_details": []
          },
          "sensitive_attributes": [],
          "private": "bnVsbA=="
        }
      ]
    },
    {
      "mode": "managed",
      "type": "google_iam_workload_identity_pool",
      "name": "pool",
      "provider": "provider[\"registry.opentofu.org/hashicorp/google\"]",
      "instances": [
        {
          "schema_version": 0,
          "attributes": {
            "description": "Workload identity pool for GitHub actions",
            "disabled": false,
            "display_name": "Github Actions Pool",
            "id": "projects/natl-park-service/locations/global/workloadIdentityPools/github",
            "name": "projects/204910463426/locations/global/workloadIdentityPools/github",
            "project": "natl-park-service",
            "state": "ACTIVE",
            "timeouts": null,
            "workload_identity_pool_id": "github"
          },
          "sensitive_attributes": [],
          "private": "eyJlMmJmYjczMC1lY2FhLTExZTYtOGY4OC0zNDM2M2JjN2M0YzAiOnsiY3JlYXRlIjoxMjAwMDAwMDAwMDAwLCJkZWxldGUiOjEyMDAwMDAwMDAwMDAsInVwZGF0ZSI6MTIwMDAwMDAwMDAwMH19"
        }
      ]
    },
    {
      "mode": "managed",
      "type": "google_iam_workload_identity_pool_provider",
      "name": "oidc",
      "provider": "provider[\"registry.opentofu.org/hashicorp/google\"]",
      "instances": [
        {
          "schema_version": 0,
          "attributes": {
            "attribute_condition": "",
            "attribute_mapping": {
              "attribute.actor": "assertion.actor",
              "attribute.repository": "assertion.repository",
              "google.subject": "assertion.sub"
            },
            "aws": [],
            "description": "",
            "disabled": false,
            "display_name": "GitHub OIDC Provider",
            "id": "projects/natl-park-service/locations/global/workloadIdentityPools/github/providers/oidc-provider",
            "name": "projects/204910463426/locations/global/workloadIdentityPools/github/providers/oidc-provider",
            "oidc": [
              {
                "allowed_audiences": null,
                "issuer_uri": "https://token.actions.githubusercontent.com",
                "jwks_json": ""
              }
            ],
            "project": "natl-park-service",
            "state": "ACTIVE",
            "timeouts": null,
            "workload_identity_pool_id": "github",
            "workload_identity_pool_provider_id": "oidc-provider"
          },
          "sensitive_attributes": [],
          "private": "eyJlMmJmYjczMC1lY2FhLTExZTYtOGY4OC0zNDM2M2JjN2M0YzAiOnsiY3JlYXRlIjoxMjAwMDAwMDAwMDAwLCJkZWxldGUiOjEyMDAwMDAwMDAwMDAsInVwZGF0ZSI6MTIwMDAwMDAwMDAwMH19",
          "dependencies": [
            "google_iam_workload_identity_pool.pool"
          ]
        }
      ]
    }
  ],
  "check_results": null
}
