{
  "version": 4,
  "terraform_version": "1.6.0",
  "serial": 125,
  "lineage": "44075ebe-b91a-1e72-3b17-affdfb63c0f1",
  "outputs": {},
  "resources": [
    {
      "mode": "data",
      "type": "aws_iam_policy_document",
      "name": "assume_role",
      "provider": "provider[\"registry.opentofu.org/hashicorp/aws\"]",
      "instances": [
        {
          "schema_version": 0,
          "attributes": {
            "id": "3448115094",
            "json": "{\n  \"Version\": \"2012-10-17\",\n  \"Statement\": [\n    {\n      \"Sid\": \"\",\n      \"Effect\": \"Allow\",\n      \"Action\": \"sts:AssumeRole\",\n      \"Principal\": {\n        \"Service\": \"transfer.amazonaws.com\"\n      }\n    }\n  ]\n}",
            "override_json": null,
            "override_policy_documents": null,
            "policy_id": null,
            "source_json": null,
            "source_policy_documents": null,
            "statement": [
              {
                "actions": [
                  "sts:AssumeRole"
                ],
                "condition": [],
                "effect": "Allow",
                "not_actions": [],
                "not_principals": [],
                "not_resources": [],
                "principals": [
                  {
                    "identifiers": [
                      "transfer.amazonaws.com"
                    ],
                    "type": "Service"
                  }
                ],
                "resources": [],
                "sid": ""
              }
            ],
            "version": "2012-10-17"
          },
          "sensitive_attributes": []
        }
      ]
    },
    {
      "mode": "data",
      "type": "aws_iam_policy_document",
      "name": "assume_role_policy",
      "provider": "provider[\"registry.opentofu.org/hashicorp/aws\"]",
      "instances": [
        {
          "schema_version": 0,
          "attributes": {
            "id": "1555914350",
            "json": "{\n  \"Version\": \"2012-10-17\",\n  \"Statement\": [\n    {\n      \"Sid\": \"\",\n      \"Effect\": \"Allow\",\n      \"Action\": \"sts:AssumeRoleWithWebIdentity\",\n      \"Principal\": {\n        \"Federated\": \"arn:aws:iam::557418946771:oidc-provider/https://113009620257\"\n      },\n      \"Condition\": {\n        \"StringEquals\": {\n          \"https://113009620257.svc.id.goog:sub\": \"system:serviceaccount:113009620257.svc.id.goog[default/cloud-run-aws-access]\"\n        }\n      }\n    }\n  ]\n}",
            "override_json": null,
            "override_policy_documents": null,
            "policy_id": null,
            "source_json": null,
            "source_policy_documents": null,
            "statement": [
              {
                "actions": [
                  "sts:AssumeRoleWithWebIdentity"
                ],
                "condition": [
                  {
                    "test": "StringEquals",
                    "values": [
                      "system:serviceaccount:113009620257.svc.id.goog[default/cloud-run-aws-access]"
                    ],
                    "variable": "https://113009620257.svc.id.goog:sub"
                  }
                ],
                "effect": "Allow",
                "not_actions": [],
                "not_principals": [],
                "not_resources": [],
                "principals": [
                  {
                    "identifiers": [
                      "arn:aws:iam::557418946771:oidc-provider/https://113009620257"
                    ],
                    "type": "Federated"
                  }
                ],
                "resources": [],
                "sid": ""
              }
            ],
            "version": "2012-10-17"
          },
          "sensitive_attributes": []
        }
      ]
    },
    {
      "mode": "data",
      "type": "aws_iam_policy_document",
      "name": "s3_policy",
      "provider": "provider[\"registry.opentofu.org/hashicorp/aws\"]",
      "instances": [
        {
          "schema_version": 0,
          "attributes": {
            "id": "3335750746",
            "json": "{\n  \"Version\": \"2012-10-17\",\n  \"Statement\": [\n    {\n      \"Sid\": \"ReadWriteS3\",\n      \"Effect\": \"Allow\",\n      \"Action\": \"s3:ListBucket\",\n      \"Resource\": \"arn:aws:s3:::burn-severity\"\n    },\n    {\n      \"Sid\": \"\",\n      \"Effect\": \"Allow\",\n      \"Action\": [\n        \"s3:PutObjectACL\",\n        \"s3:PutObject\",\n        \"s3:GetObjectVersionTagging\",\n        \"s3:GetObjectVersion\",\n        \"s3:GetObjectTagging\",\n        \"s3:GetObjectACL\",\n        \"s3:GetObject\",\n        \"s3:DeleteObjectVersion\",\n        \"s3:DeleteObject\"\n      ],\n      \"Resource\": \"arn:aws:s3:::burn-severity/*\"\n    }\n  ]\n}",
            "override_json": null,
            "override_policy_documents": null,
            "policy_id": null,
            "source_json": null,
            "source_policy_documents": null,
            "statement": [
              {
                "actions": [
                  "s3:ListBucket"
                ],
                "condition": [],
                "effect": "Allow",
                "not_actions": [],
                "not_principals": [],
                "not_resources": [],
                "principals": [],
                "resources": [
                  "arn:aws:s3:::burn-severity"
                ],
                "sid": "ReadWriteS3"
              },
              {
                "actions": [
                  "s3:DeleteObject",
                  "s3:DeleteObjectVersion",
                  "s3:GetObject",
                  "s3:GetObjectACL",
                  "s3:GetObjectTagging",
                  "s3:GetObjectVersion",
                  "s3:GetObjectVersionTagging",
                  "s3:PutObject",
                  "s3:PutObjectACL"
                ],
                "condition": [],
                "effect": "Allow",
                "not_actions": [],
                "not_principals": [],
                "not_resources": [],
                "principals": [],
                "resources": [
                  "arn:aws:s3:::burn-severity/*"
                ],
                "sid": ""
              }
            ],
            "version": "2012-10-17"
          },
          "sensitive_attributes": []
        }
      ]
    },
    {
      "mode": "data",
      "type": "google_project",
      "name": "project",
      "provider": "provider[\"registry.opentofu.org/hashicorp/google\"]",
      "instances": [
        {
          "schema_version": 0,
          "attributes": {
            "auto_create_network": null,
            "billing_account": "01A7B5-9B470D-033A79",
            "effective_labels": {
              "earth-engine": ""
            },
            "folder_id": "607593678656",
            "id": "projects/dse-nps",
            "labels": {
              "earth-engine": ""
            },
            "name": "dse-nps",
            "number": "113009620257",
            "org_id": "",
            "project_id": "dse-nps",
            "skip_delete": null,
            "terraform_labels": {
              "earth-engine": ""
            }
          },
          "sensitive_attributes": []
        }
      ]
    },
    {
      "mode": "data",
      "type": "google_secret_manager_secret_version",
      "name": "burn_sftp_ssh_keys",
      "provider": "provider[\"registry.opentofu.org/hashicorp/google\"]",
      "instances": [
        {
          "schema_version": 0,
          "attributes": {
            "create_time": "2024-01-03T18:23:19.537133Z",
            "destroy_time": null,
            "enabled": true,
            "id": "projects/113009620257/secrets/burn_sftp_ssh_keys/versions/1",
            "name": "projects/113009620257/secrets/burn_sftp_ssh_keys/versions/1",
            "project": "dse-nps",
            "secret": "burn_sftp_ssh_keys",
            "secret_data": "{\n\"SSH_KEY_USER_PUBLIC\": \"ssh-rsa AAAAB3NzaC1yc2EAAAADAQABAAACAQDttl3A69n5JXTcIqWqnua8PVyO2yKYYgmXoD2QhK5ERkgSaYXZMEKop0aiQYh0VUME4Nt8/jud7zAS5SoYv1pNqB4riAK+oiUUZ4z4odWMh8GVJhEuXT2VZ9IlcujHfqeoYZc1+MWaQHsIpmwEgZIa0Q9VOiDWa+tSrBbFvB3Ar70g/PdajPmIdSexrYN1IiL5/PFFOncotiewYsnWticol4C9i+1DICgFYgtpaTT0JwVj09axlElXzp4a0jPZ3504lvF4EFzlFhdfMnLcCh+0kfSye5Noh+XjX4BN5mIJyEeDLlSc2VbqlqjG5FggYtkz5i7oJWLYE0b4rQM1IcZENk/sumTfjoOsId6LWM4NR7TWUARonqqDAgLvH8lYNQ09twEH8DskT/bO2hLczGiFf/e5VBg3q2CMy+jiQxWVpQYcFO1oHDFh7d7YOsmknBJURLHbLfl+2IGolWu9K/9VUJrb9peSOBjtBb14UH4tjigD2MYG8etB7vUG6DcUGmPEvxssFROKjbk+ldks3DTKMDC1fuVtRRyfUdN7Ug3Jayf1iYAlePcRrPPjo/SFdzHzJOZbeuDiBsX4QdqM8RkW4d83gVhRgWAZKzGKDXBgnKNyjwSgNReJ9nYQZsi22VS/25i3XkaVnd7QWd2kw0t8v0OZN4/3UDiyhmqlkDEpzQ== root@5c051681d26c\"\n,\n\"SSH_KEY_USER_PRIVATE\": \"-----BEGIN OPENSSH PRIVATE KEY-----\\nb3BlbnNzaC1rZXktdjEAAAAABG5vbmUAAAAEbm9uZQAAAAAAAAABAAACFwAAAAdzc2gtcn\\nNhAAAAAwEAAQAAAgEA7bZdwOvZ+SV03CKlqp7mvD1cjtsimGIJl6A9kISuREZIEmmF2TBC\\nqKdGokGIdFVDBODbfP47ne8wEuUqGL9aTageK4gCvqIlFGeM+KHVjIfBlSYRLl09lWfSJX\\nLox36nqGGXNfjFmkB7CKZsBIGSGtEPVTog1mvrUqwWxbwdwK+9IPz3Woz5iHUnsa2DdSIi\\n+fzxRTp3KLYnsGLJ1rYnKJeAvYvtQyAoBWILaWk09CcFY9PWsZRJV86eGtIz2d+dOJbxeB\\nBc5RYXXzJy3AoftJH0snuTaIfl41+ATeZiCchHgy5UnNlW6paoxuRYIGLZM+Yu6CVi2BNG\\n+K0DNSHGRDZP7Lpk346DrCHei1jODUe01lAEaJ6qgwIC7x/JWDUNPbcBB/A7JE/2ztoS3M\\nxohX/3uVQYN6tgjMvo4kMVlaUGHBTtaBwxYe3e2DrJpJwSVESx2y35ftiBqJVrvSv/VVCa\\n2/aXkjgY7QW9eFB+LY4oA9jGBvHrQe71Bug3FBpjxL8bLBUTio25PpXZLNw0yjAwtX7lbU\\nUcn1HTe1INyWsn9YmAJXj3Eazz46P0hXcx8yTmW3rg4gbF+EHajPEZFuHfN4FYUYFgGSsx\\nig1wYJyjco8EoDUXifZ2EGbIttlUv9uYt15GlZ3e0FndpMNLfL9DmTeP91A4soZqpZAxKc\\n0AAAdI9Z+sb/WfrG8AAAAHc3NoLXJzYQAAAgEA7bZdwOvZ+SV03CKlqp7mvD1cjtsimGIJ\\nl6A9kISuREZIEmmF2TBCqKdGokGIdFVDBODbfP47ne8wEuUqGL9aTageK4gCvqIlFGeM+K\\nHVjIfBlSYRLl09lWfSJXLox36nqGGXNfjFmkB7CKZsBIGSGtEPVTog1mvrUqwWxbwdwK+9\\nIPz3Woz5iHUnsa2DdSIi+fzxRTp3KLYnsGLJ1rYnKJeAvYvtQyAoBWILaWk09CcFY9PWsZ\\nRJV86eGtIz2d+dOJbxeBBc5RYXXzJy3AoftJH0snuTaIfl41+ATeZiCchHgy5UnNlW6pao\\nxuRYIGLZM+Yu6CVi2BNG+K0DNSHGRDZP7Lpk346DrCHei1jODUe01lAEaJ6qgwIC7x/JWD\\nUNPbcBB/A7JE/2ztoS3MxohX/3uVQYN6tgjMvo4kMVlaUGHBTtaBwxYe3e2DrJpJwSVESx\\n2y35ftiBqJVrvSv/VVCa2/aXkjgY7QW9eFB+LY4oA9jGBvHrQe71Bug3FBpjxL8bLBUTio\\n25PpXZLNw0yjAwtX7lbUUcn1HTe1INyWsn9YmAJXj3Eazz46P0hXcx8yTmW3rg4gbF+EHa\\njPEZFuHfN4FYUYFgGSsxig1wYJyjco8EoDUXifZ2EGbIttlUv9uYt15GlZ3e0FndpMNLfL\\n9DmTeP91A4soZqpZAxKc0AAAADAQABAAACAQDGptBSmMbf3t152bp4i7JnPSBMgfS3Q7ag\\nb9kDHN5FUDaKrISerCYIq0Hr9rgB//6x5PeHzS4lHe4e3EQByme83fHYjyE8DmTOWHsGjL\\nfZaNntupJBHMqKQOjtQsolbULPBD9Ja0w3TAuFfw5l9aITpwIZRyqKBkXyIL4nIL38eOCk\\n4MIVehpOXxl88nQZPx3bq/Y01FcgPpmMXgIu3Kp80Z9Ux8rPfd/0H6tJvBH0t2dZtX6FiF\\naCerjF0URjnuvUjs/cdlArYfrGI3K5T/yO+ipzvbHCeU80ZGrkrtLfOfAJQH6VVUu9X4pM\\nLCc5aWH6bTJl7lhcGkAFMRCtJjx4yFmGi/XCp7ujqhpbbioH7nnQ5T4vwgZQ/6y94pnlUn\\nKHJRUaS/Aah9QMypbnjcUh7upos5zFbsHCJVqTnnGhbom2Lyoa5sZF0FSmz1ebDQNppt5q\\n9xaroTJvYTlvpK+bgBfBUTQ0T7ogAAjQBcOct2C6KV/E0ItZm57Hn004dVPfLFBAstzhWj\\nxaunZRTRPPFd6y8BHg1rmj0/lQJeXMJp0M60PklG1MY2/lX0LcqxJMWWRyK+d71eJnDeIr\\nchomLCqb9EmRcEgvwsrEt0341p8vErf8m0c9qJUDdsqE9fttj1T4mGfMMM8QUqcE+tZh8N\\nkA4zBpwoBb9ChdP0dYQQAAAQAC7oiGdlHaOcFEEri7w/Yoke9coRETI4mvIRK5z24jstNf\\nayYQdtvSu4YWo9r60n75LnkAnBXC840Q0Ntz0DpoTcUKd2pah9pbfA5cyNlGEDWvblSThd\\nkqb/yNuMPGzWuH4Me6DVPbXXC3FJOo4SzH/K2eX1iDxyTAyjsM/YXB3xpx0ebiRbH2AYxl\\nMcVUGXk0c2XpAxdHw3k5bSQciHq0+RYWQ9OQqsGJqKokzlhKlktXt7amyG0HwYAdj45DqV\\n8lqeAUs2+N5nLAKjD49mzgUcGqLltwfAGzPqj37vF+oYC4GIADo8g+1kqMJUCpHOats8HT\\nhWxaCQfOfNYRRYLbAAABAQD4NjU02AX+hHhGYsECGroBey1kWSpcp7tkLLkJJHh3kcRy3J\\niyxlcsPgpMzHVfVoh70q3sPCuy3Aee9E1Cr5digeB4zkotjvoIViqjxKaE/PHcthOVzBdz\\nxG1oE66oJ3CKUiQnHSdbmYDsAw6zcClL1H/PqYZgAQM6ZmdQLgxgN1x4IzFfaE2p3XR1yR\\nbneLQ4hH9xKEIkzxOQ6zJkYjl4YRfw3Dnc7PJlLliTs/BfVNAMIVLng+La1IGlb6S0n3/s\\nYwqdJKnY0kTCuZwIBF1pXpaLYBEH2EUHG/Kn3A/DCVzCAX60tac7YBriixkURg2PJ+TNvR\\nxxezxq405doOFXAAABAQD1K9Ie4h1oN7BteretNHS9WstAtReEPqvEcCMFQb4aQf3UgEb/\\nyDwWkM8tmofcvpnT/4pBd7aoiRP84cSsnHCJEINwl+13HgvzeGppVNFYYXzVSUBtKp+/Pf\\nBfL73m8PJjLKp0zyBtvmUsKN/cO9mnOjrrmS7ADv5Hs3qVK7IVNTYX7fjAJos8Ho1diKoF\\nUFV+AK4+enQBJFzygVtnnzZxkxh9kC1POSj/18AXnilVRQ7Za5uIZijXSozlhHDt2K582R\\nlgeVSsGU872HI8rYa7MkkL6Ur0Y9+sLgJ3vEjaA2yfX/2XilQOdIhJN/XMqLZHF4Isap1O\\nRtrAV3g32iN7AAAAEXJvb3RANWMwNTE2ODFkMjZjAQ==\\n-----END OPENSSH PRIVATE KEY-----\"\n,\n\"SSH_KEY_ADMIN_PUBLIC\": \"ssh-rsa AAAAB3NzaC1yc2EAAAADAQABAAACAQDtAj7XvFpY7fpqeyxi3LhZYtY25vk9G8+9DpTXb3MFT8aXHxlR40YUksNj+5bOTAwS2YVwNuY7iNVoWGLErTxsi4xXffc0A6HB6y12PIqt062JMsuQSpVRPgW8ForDwYNZ9GPcBsYdaDi68EZi8FI6n8QrcxNu7f4WNRL/GWwGke8fnD8+bpQScRbAfJDZ87bWSB5eBkI17VB/tG2lmFU01xwqv6QLffElzMDMlZqdIHc1hCAXIGtnWPhzv/1ayyvgrsMA/mBR+QgW0eiAmAzmwnFmf3zANPAf/8ufov2PDMRiomm9lUw8R83yuhstpXMg+9OXV586WT7JBZz+y/btNWNPtznbOloFyRNWTaFcv+II3f2Q89sNLTv4Hrr4agg5KE3pAYm8dPBnv7WmAO3QUT9O4tJaF2rpGjnQT7l+aZdiXK9OeOuPUTRWWHdz1lNtkiQQDHXfAtBDNhmjjkUP0pK7XU3aGnqw8qQMQ8IELuCbgIT+qrHG//cV1QyUzh7H7mgkP6VF1/abzk10fjlWF2Z1Zexe2Ajas129JosQphn5fJu1iBICYD/xz2BYEqEGlVuXofmZEuwWMKE0Bt/6BIX16pFYg2RW/Fy/3z64uf55A8OKLPWiXScA6hwNVb0zKAeHlOHotyRGjr+jMlhMV+whncLI+Ml+PdK2IgzIQQ== root@5c051681d26c\"\n,\n\"SSH_KEY_ADMIN_PRIVATE\": \"-----BEGIN OPENSSH PRIVATE KEY-----\\nb3BlbnNzaC1rZXktdjEAAAAABG5vbmUAAAAEbm9uZQAAAAAAAAABAAACFwAAAAdzc2gtcn\\nNhAAAAAwEAAQAAAgEA7QI+17xaWO36anssYty4WWLWNub5PRvPvQ6U129zBU/Glx8ZUeNG\\nFJLDY/uWzkwMEtmFcDbmO4jVaFhixK08bIuMV333NAOhwestdjyKrdOtiTLLkEqVUT4FvB\\naKw8GDWfRj3AbGHWg4uvBGYvBSOp/EK3MTbu3+FjUS/xlsBpHvH5w/Pm6UEnEWwHyQ2fO2\\n1kgeXgZCNe1Qf7RtpZhVNNccKr+kC33xJczAzJWanSB3NYQgFyBrZ1j4c7/9Wssr4K7DAP\\n5gUfkIFtHogJgM5sJxZn98wDTwH//Ln6L9jwzEYqJpvZVMPEfN8robLaVzIPvTl1efOlk+\\nyQWc/sv27TVjT7c52zpaBckTVk2hXL/iCN39kPPbDS07+B66+GoIOShN6QGJvHTwZ7+1pg\\nDt0FE/TuLSWhdq6Ro50E+5fmmXYlyvTnjrj1E0Vlh3c9ZTbZIkEAx13wLQQzYZo45FD9KS\\nu11N2hp6sPKkDEPCBC7gm4CE/qqxxv/3FdUMlM4ex+5oJD+lRdf2m85NdH45VhdmdWXsXt\\ngI2rNdvSaLEKYZ+XybtYgSAmA/8c9gWBKhBpVbl6H5mRLsFjChNAbf+gSF9eqRWINkVvxc\\nv98+uLn+eQPDiiz1ol0nAOocDVW9MygHh5Th6LckRo6/ozJYTFfsIZ3CyPjJfj3StiIMyE\\nEAAAdIXt+XT17fl08AAAAHc3NoLXJzYQAAAgEA7QI+17xaWO36anssYty4WWLWNub5PRvP\\nvQ6U129zBU/Glx8ZUeNGFJLDY/uWzkwMEtmFcDbmO4jVaFhixK08bIuMV333NAOhwestdj\\nyKrdOtiTLLkEqVUT4FvBaKw8GDWfRj3AbGHWg4uvBGYvBSOp/EK3MTbu3+FjUS/xlsBpHv\\nH5w/Pm6UEnEWwHyQ2fO21kgeXgZCNe1Qf7RtpZhVNNccKr+kC33xJczAzJWanSB3NYQgFy\\nBrZ1j4c7/9Wssr4K7DAP5gUfkIFtHogJgM5sJxZn98wDTwH//Ln6L9jwzEYqJpvZVMPEfN\\n8robLaVzIPvTl1efOlk+yQWc/sv27TVjT7c52zpaBckTVk2hXL/iCN39kPPbDS07+B66+G\\noIOShN6QGJvHTwZ7+1pgDt0FE/TuLSWhdq6Ro50E+5fmmXYlyvTnjrj1E0Vlh3c9ZTbZIk\\nEAx13wLQQzYZo45FD9KSu11N2hp6sPKkDEPCBC7gm4CE/qqxxv/3FdUMlM4ex+5oJD+lRd\\nf2m85NdH45VhdmdWXsXtgI2rNdvSaLEKYZ+XybtYgSAmA/8c9gWBKhBpVbl6H5mRLsFjCh\\nNAbf+gSF9eqRWINkVvxcv98+uLn+eQPDiiz1ol0nAOocDVW9MygHh5Th6LckRo6/ozJYTF\\nfsIZ3CyPjJfj3StiIMyEEAAAADAQABAAACAQCnIA86R0oaLW2IimSpLeUcutI9ErArxCG/\\nubmBFMixtShfRgGvuaigN0Fqjm0v+XYGELbEgyHkVz/M/Y5gC5xxGhITW/LmDa2RtYlwN4\\n6+tmZHObdLfxw9lpOqpuag1SMPWoLUEz6+W9CtGWM4vyfsyN4mmVXZwh6KgFBt6/o9w8gv\\nrRj3qDfnrTES+IOX/QAvp9kqChXEOxypgIxU2c8znH/zMQG3TM6wDeriGJhXNh55cTrDtA\\nuoa5d+36IC1QOSwwkk+Trocseed9QQYaevTOt0EG/ihTHSDqkCX4eWyLTurIINumpwk12J\\nTGx/yowddRYmQRY5qdbZH4kuLptmG+wZb3D6PqBqB5GLO3EZ0CTX7TVV6u4f4t2l0V/cmP\\n2T1pQRYmfYN30AJpej4d9b5qF9p8CvTo2jNOUvYgD4Gc4WcIDkwWFcPMaRYQXZBF8v1l2c\\nnkh+qE1NJsjkKlqbZoOD/pz9g29jIl5Wh+sjttFX5Ptp5P7udXzKYXmy3iSJG2QI2sumUn\\nrnYxLLpHjZzQqe1wM7OkZhez5XPLbKhdvmsweZrY2vTUUCU8H/5chibqpAN2F65MdLOPAU\\nHcmVuLBpXrfD3KCL3y6oN7EW6pg2eKCN+E/RBt7D9Mz/sXv9SwN1jzc2ogt+7iYH4BugOB\\n2jQ91VaOSWhAbHWyOvJQAAAQAnunqG7c7RUeWjt4sXdhPbnkW+iiTZfb0vtrwIermu3iHL\\npCXPnK+srp8YtwVwsqe7Zp5yEk24CbN1oBPKivcro0ThUa3nJz7A+QnlfHRLOeZfktYLo7\\nxf39FCnG/kuq7AHs3HPXaAfLBltiDoKITu11nVqXtAASpsn5Mu+daF7zb2k8T0Q953LDI0\\nalHJToSL0/ASAATh5QyA5bEfyfMUA7juqFPCobMbyoJ6e2Sc7dyFyA/BbFCy1Rp7Ljc5c/\\n3Hjm5XRkmRUGz5wDX+lD418Ahy+HiiyVizFDi5MY49wByA+vneQun/0yr2doEToXNygz7I\\nN1rtBti1x2u+1hPbAAABAQD7JDV22BJVk0KeML8wkqvH6CoCUF94UCcvqZTd14oqkKVY4b\\nw2hajtsScIkFMEy6PDoypTNmGWF972Duawp5rnRB5/opYxeznqcJ27cfcv43vlp+277TWb\\nbJnlhCLfA+IWlVTXJSc6ndL32vOnZEL9fpRDtm4lctoiLkrKUyac0djbzpU/Id5jkQ9frD\\nrJ2KeuXzmQxxFImntnB53ttJUgbxMcp6RyMHeR4KaOP8BRSuM6gffkSWKB/BR68tzroGAU\\nC9J0+ascNdPEuPfYuAIEmIERMQrSTjUbyM/kTRYBonOfsptZkGmpQ/tBE68IQFdCIvMmuw\\nH0YjDptO/Cpy5LAAABAQDxmAs5piwkiemBx/feHtq1O1H0EkMRubyITqx98RX5yhnsG2Fu\\n0z9BfHHhnmqdJSwVFVo871Rta8fYqUHqXJmq/BC/Ilm0wBxrsiHVi8E05ENAfRIASubESy\\nm0cKMbKTztvye0ZGz2eGSQlA4q1D9+yXbzwUJZcgZ2XWMfqdiCQlGVS0cSWRCG7km4Ih8i\\npq2Am5yWtXgHgks8Z9W3muigN2QsWFnkIjqBPNLPE7AAy9Mz3rLqWwTFAid/1EfLusgnii\\ncvz1BFCgEJ/aXEUjenoycXE+6DBaLljmoVJz9Z7xHmfTbj573EJjs37doxtSyLCuxH7f6n\\nxVm+sL42m9wjAAAAEXJvb3RANWMwNTE2ODFkMjZjAQ==\\n-----END OPENSSH PRIVATE KEY-----\"\n}\n",
            "version": "1"
          },
          "sensitive_attributes": []
        }
      ]
    },
    {
      "mode": "managed",
      "type": "aws_iam_policy",
      "name": "s3_admin_policy",
      "provider": "provider[\"registry.opentofu.org/hashicorp/aws\"]",
      "instances": [
        {
          "schema_version": 0,
          "attributes": {
            "arn": "arn:aws:iam::557418946771:policy/s3_admin_policy",
            "description": "S3 policy for admin user",
            "id": "arn:aws:iam::557418946771:policy/s3_admin_policy",
            "name": "s3_admin_policy",
            "name_prefix": "",
            "path": "/",
            "policy": "{\"Statement\":[{\"Action\":\"s3:ListBucket\",\"Effect\":\"Allow\",\"Resource\":\"arn:aws:s3:::burn-severity\",\"Sid\":\"ReadWriteS3\"},{\"Action\":[\"s3:PutObjectACL\",\"s3:PutObject\",\"s3:GetObjectVersionTagging\",\"s3:GetObjectVersion\",\"s3:GetObjectTagging\",\"s3:GetObjectACL\",\"s3:GetObject\",\"s3:DeleteObjectVersion\",\"s3:DeleteObject\"],\"Effect\":\"Allow\",\"Resource\":\"arn:aws:s3:::burn-severity/*\",\"Sid\":\"\"}],\"Version\":\"2012-10-17\"}",
            "policy_id": "ANPAYDSGCEDJ6PUJZ6SJE",
            "tags": null,
            "tags_all": {}
          },
          "sensitive_attributes": [],
          "private": "bnVsbA==",
          "dependencies": [
            "data.aws_iam_policy_document.s3_policy"
          ]
        }
      ]
    },
    {
      "mode": "managed",
      "type": "aws_iam_role",
      "name": "admin",
      "provider": "provider[\"registry.opentofu.org/hashicorp/aws\"]",
      "instances": [
        {
          "schema_version": 0,
          "attributes": {
            "arn": "arn:aws:iam::557418946771:role/tf-sftp-admin-iam-role",
            "assume_role_policy": "{\"Statement\":[{\"Action\":\"sts:AssumeRole\",\"Effect\":\"Allow\",\"Principal\":{\"Service\":\"transfer.amazonaws.com\"},\"Sid\":\"\"}],\"Version\":\"2012-10-17\"}",
            "create_date": "2024-01-03T21:36:15Z",
            "description": "",
            "force_detach_policies": false,
            "id": "tf-sftp-admin-iam-role",
            "inline_policy": [],
            "managed_policy_arns": [],
            "max_session_duration": 3600,
            "name": "tf-sftp-admin-iam-role",
            "name_prefix": "",
            "path": "/",
            "permissions_boundary": null,
            "role_last_used": [
              {
                "last_used_date": "",
                "region": ""
              }
            ],
            "tags": null,
            "tags_all": {},
            "unique_id": "AROAYDSGCEDJZPXUP3VDU"
          },
          "sensitive_attributes": [],
          "private": "bnVsbA==",
          "dependencies": [
            "data.aws_iam_policy_document.assume_role"
          ]
        }
      ]
    },
    {
      "mode": "managed",
      "type": "aws_iam_role",
      "name": "role",
      "provider": "provider[\"registry.opentofu.org/hashicorp/aws\"]",
      "instances": [
        {
          "schema_version": 0,
          "attributes": {
            "arn": "arn:aws:iam::557418946771:role/aws_secrets_access_role",
            "assume_role_policy": "{\"Statement\":[{\"Action\":\"sts:AssumeRoleWithWebIdentity\",\"Condition\":{\"StringEquals\":{\"https://113009620257.svc.id.goog:sub\":\"system:serviceaccount:113009620257.svc.id.goog[default/cloud-run-aws-access]\"}},\"Effect\":\"Allow\",\"Principal\":{\"Federated\":\"arn:aws:iam::557418946771:oidc-provider/https://113009620257\"},\"Sid\":\"\"}],\"Version\":\"2012-10-17\"}",
            "create_date": "2024-01-01T02:48:06Z",
            "description": "",
            "force_detach_policies": false,
            "id": "aws_secrets_access_role",
            "inline_policy": [],
            "managed_policy_arns": [],
            "max_session_duration": 3600,
            "name": "aws_secrets_access_role",
            "name_prefix": "",
            "path": "/",
            "permissions_boundary": null,
            "role_last_used": [
              {
                "last_used_date": "",
                "region": ""
              }
            ],
            "tags": {},
            "tags_all": {},
            "unique_id": "AROAYDSGCEDJ2QUIFJOKU"
          },
          "sensitive_attributes": [],
          "private": "bnVsbA==",
          "dependencies": [
            "data.aws_iam_policy_document.assume_role_policy",
            "data.google_project.project",
            "google_service_account.access_aws_secrets"
          ]
        }
      ]
    },
    {
      "mode": "managed",
      "type": "aws_iam_role_policy_attachment",
      "name": "s3_policy_attachment",
      "provider": "provider[\"registry.opentofu.org/hashicorp/aws\"]",
      "instances": [
        {
          "schema_version": 0,
          "attributes": {
            "id": "tf-sftp-admin-iam-role-20240103213615981700000001",
            "policy_arn": "arn:aws:iam::557418946771:policy/s3_admin_policy",
            "role": "tf-sftp-admin-iam-role"
          },
          "sensitive_attributes": [],
          "private": "bnVsbA==",
          "dependencies": [
            "aws_iam_policy.s3_admin_policy",
            "aws_iam_role.admin",
            "data.aws_iam_policy_document.assume_role",
            "data.aws_iam_policy_document.s3_policy"
          ]
        }
      ]
    },
    {
      "mode": "managed",
      "type": "aws_transfer_server",
      "name": "tf-sftp-burn-severity",
      "provider": "provider[\"registry.opentofu.org/hashicorp/aws\"]",
      "instances": [
        {
          "schema_version": 0,
          "attributes": {
            "arn": "arn:aws:transfer:us-east-2:557418946771:server/s-ef937729b03041ef8",
            "certificate": "",
            "directory_id": "",
            "domain": "S3",
            "endpoint": "s-ef937729b03041ef8.server.transfer.us-east-2.amazonaws.com",
            "endpoint_details": [],
            "endpoint_type": "PUBLIC",
            "force_destroy": false,
            "function": "",
            "host_key": null,
            "host_key_fingerprint": "SHA256:npfOCj6azmwssqsMmWpjgGBEQw6rV/reMlsnZxeEl8U=",
            "id": "s-ef937729b03041ef8",
            "identity_provider_type": "SERVICE_MANAGED",
            "invocation_role": "",
            "logging_role": "",
            "post_authentication_login_banner": "",
            "pre_authentication_login_banner": "",
            "protocol_details": [
              {
                "as2_transports": [],
                "passive_ip": "AUTO",
                "set_stat_option": "DEFAULT",
                "tls_session_resumption_mode": "ENFORCED"
              }
            ],
            "protocols": [
              "SFTP"
            ],
            "security_policy_name": "TransferSecurityPolicy-2018-11",
            "tags": {},
            "tags_all": {},
            "url": "",
            "workflow_details": []
          },
          "sensitive_attributes": [],
          "private": "bnVsbA=="
        }
      ]
    },
    {
      "mode": "managed",
      "type": "aws_transfer_ssh_key",
      "name": "sftp_ssh_key_public",
      "provider": "provider[\"registry.opentofu.org/hashicorp/aws\"]",
      "instances": [
        {
          "schema_version": 0,
          "attributes": {
            "body": "ssh-rsa AAAAB3NzaC1yc2EAAAADAQABAAACAQDtAj7XvFpY7fpqeyxi3LhZYtY25vk9G8+9DpTXb3MFT8aXHxlR40YUksNj+5bOTAwS2YVwNuY7iNVoWGLErTxsi4xXffc0A6HB6y12PIqt062JMsuQSpVRPgW8ForDwYNZ9GPcBsYdaDi68EZi8FI6n8QrcxNu7f4WNRL/GWwGke8fnD8+bpQScRbAfJDZ87bWSB5eBkI17VB/tG2lmFU01xwqv6QLffElzMDMlZqdIHc1hCAXIGtnWPhzv/1ayyvgrsMA/mBR+QgW0eiAmAzmwnFmf3zANPAf/8ufov2PDMRiomm9lUw8R83yuhstpXMg+9OXV586WT7JBZz+y/btNWNPtznbOloFyRNWTaFcv+II3f2Q89sNLTv4Hrr4agg5KE3pAYm8dPBnv7WmAO3QUT9O4tJaF2rpGjnQT7l+aZdiXK9OeOuPUTRWWHdz1lNtkiQQDHXfAtBDNhmjjkUP0pK7XU3aGnqw8qQMQ8IELuCbgIT+qrHG//cV1QyUzh7H7mgkP6VF1/abzk10fjlWF2Z1Zexe2Ajas129JosQphn5fJu1iBICYD/xz2BYEqEGlVuXofmZEuwWMKE0Bt/6BIX16pFYg2RW/Fy/3z64uf55A8OKLPWiXScA6hwNVb0zKAeHlOHotyRGjr+jMlhMV+whncLI+Ml+PdK2IgzIQQ== root@5c051681d26c",
            "id": "s-ef937729b03041ef8/admin/key-f851c180ecf54fa6b",
            "server_id": "s-ef937729b03041ef8",
            "user_name": "admin"
          },
          "sensitive_attributes": [
            [
              {
                "type": "get_attr",
                "value": "body"
              }
            ]
          ],
          "private": "bnVsbA==",
          "dependencies": [
            "aws_iam_role.admin",
            "aws_transfer_server.tf-sftp-burn-severity",
            "aws_transfer_user.tf-sftp-burn-severity",
            "data.aws_iam_policy_document.assume_role",
            "data.google_secret_manager_secret_version.burn_sftp_ssh_keys"
          ]
        }
      ]
    },
    {
      "mode": "managed",
      "type": "aws_transfer_user",
      "name": "tf-sftp-burn-severity",
      "provider": "provider[\"registry.opentofu.org/hashicorp/aws\"]",
      "instances": [
        {
          "schema_version": 0,
          "attributes": {
            "arn": "arn:aws:transfer:us-east-2:557418946771:user/s-ef937729b03041ef8/admin",
            "home_directory": "/public",
            "home_directory_mappings": [],
            "home_directory_type": "PATH",
            "id": "s-ef937729b03041ef8/admin",
            "policy": "",
            "posix_profile": [],
            "role": "arn:aws:iam::557418946771:role/tf-sftp-admin-iam-role",
            "server_id": "s-ef937729b03041ef8",
            "tags": {},
            "tags_all": {},
            "timeouts": null,
            "user_name": "admin"
          },
          "sensitive_attributes": [],
          "private": "eyJlMmJmYjczMC1lY2FhLTExZTYtOGY4OC0zNDM2M2JjN2M0YzAiOnsiZGVsZXRlIjo2MDAwMDAwMDAwMDB9fQ==",
          "dependencies": [
            "aws_iam_role.admin",
            "aws_transfer_server.tf-sftp-burn-severity",
            "data.aws_iam_policy_document.assume_role"
          ]
        }
      ]
    },
    {
      "mode": "managed",
      "type": "google_artifact_registry_repository",
      "name": "burn-backend",
      "provider": "provider[\"registry.opentofu.org/hashicorp/google\"]",
      "instances": [
        {
          "schema_version": 0,
          "attributes": {
            "create_time": "2023-12-31T03:14:03.513874Z",
            "description": "",
            "docker_config": [],
            "effective_labels": {},
            "format": "DOCKER",
            "id": "projects/dse-nps/locations/us-central1/repositories/burn-backend",
            "kms_key_name": "",
            "labels": {},
            "location": "us-central1",
            "maven_config": [],
            "mode": "STANDARD_REPOSITORY",
            "name": "burn-backend",
            "project": "dse-nps",
            "remote_repository_config": [],
            "repository_id": "burn-backend",
            "terraform_labels": {},
            "timeouts": null,
            "update_time": "2024-01-03T21:21:27.656208Z",
            "virtual_repository_config": []
          },
          "sensitive_attributes": [],
          "private": "eyJlMmJmYjczMC1lY2FhLTExZTYtOGY4OC0zNDM2M2JjN2M0YzAiOnsiY3JlYXRlIjoxMjAwMDAwMDAwMDAwLCJkZWxldGUiOjEyMDAwMDAwMDAwMDAsInVwZGF0ZSI6MTIwMDAwMDAwMDAwMH19"
        }
      ]
    },
    {
      "mode": "managed",
      "type": "google_cloud_run_service",
      "name": "tf-rest-burn-severity",
      "provider": "provider[\"registry.opentofu.org/hashicorp/google\"]",
      "instances": [
        {
          "schema_version": 2,
          "attributes": {
            "autogenerate_revision_name": false,
            "id": "locations/us-central1/namespaces/dse-nps/services/tf-rest-burn-severity",
            "location": "us-central1",
            "metadata": [
              {
                "annotations": {},
                "effective_annotations": {
                  "run.googleapis.com/client-name": "gcloud",
                  "run.googleapis.com/client-version": "457.0.0",
                  "run.googleapis.com/ingress": "all",
                  "run.googleapis.com/ingress-status": "all",
                  "run.googleapis.com/operation-id": "6f036ec5-a5aa-4a33-9ba9-dac5ce16d6b0",
                  "serving.knative.dev/creator": "npg@berkeley.edu",
                  "serving.knative.dev/lastModifier": "npg@berkeley.edu"
                },
                "effective_labels": {
                  "cloud.googleapis.com/location": "us-central1"
                },
                "generation": 31,
                "labels": {},
                "namespace": "dse-nps",
                "resource_version": "AAYOEWfQhdc",
                "self_link": "/apis/serving.knative.dev/v1/namespaces/113009620257/services/tf-rest-burn-severity",
                "terraform_labels": {},
                "uid": "21bd9415-f58f-4c49-a191-9450f2035ed6"
              }
            ],
            "name": "tf-rest-burn-severity",
            "project": "dse-nps",
            "status": [
              {
                "conditions": [
                  {
                    "message": "",
                    "reason": "",
                    "status": "True",
                    "type": "Ready"
                  },
                  {
                    "message": "",
                    "reason": "",
                    "status": "True",
                    "type": "ConfigurationsReady"
                  },
                  {
                    "message": "",
                    "reason": "",
                    "status": "True",
                    "type": "RoutesReady"
                  }
                ],
                "latest_created_revision_name": "tf-rest-burn-severity-00031-8bc",
                "latest_ready_revision_name": "tf-rest-burn-severity-00031-8bc",
                "observed_generation": 31,
                "traffic": [
                  {
                    "latest_revision": true,
                    "percent": 100,
                    "revision_name": "tf-rest-burn-severity-00031-8bc",
                    "tag": "",
                    "url": ""
                  }
                ],
                "url": "https://tf-rest-burn-severity-ohi6r6qs2a-uc.a.run.app"
              }
            ],
            "template": [
              {
                "metadata": [
                  {
                    "annotations": {
                      "autoscaling.knative.dev/maxScale": "100",
                      "run.googleapis.com/client-name": "gcloud",
                      "run.googleapis.com/client-version": "457.0.0"
                    },
                    "generation": 0,
                    "labels": {
                      "client.knative.dev/nonce": "qzpcjocxtn",
                      "run.googleapis.com/startupProbeType": "Default"
                    },
                    "name": "",
                    "namespace": "",
                    "resource_version": "",
                    "self_link": "",
                    "uid": ""
                  }
                ],
                "spec": [
                  {
                    "container_concurrency": 80,
                    "containers": [
                      {
                        "args": [],
                        "command": [],
                        "env": [
                          {
                            "name": "ENV",
                            "value": "CLOUD",
                            "value_from": []
                          },
                          {
                            "name": "SFTP_SSH_KEY_PRIVATE",
                            "value": "-----BEGIN OPENSSH PRIVATE KEY-----\nb3BlbnNzaC1rZXktdjEAAAAABG5vbmUAAAAEbm9uZQAAAAAAAAABAAACFwAAAAdzc2gtcn\nNhAAAAAwEAAQAAAgEA7QI+17xaWO36anssYty4WWLWNub5PRvPvQ6U129zBU/Glx8ZUeNG\nFJLDY/uWzkwMEtmFcDbmO4jVaFhixK08bIuMV333NAOhwestdjyKrdOtiTLLkEqVUT4FvB\naKw8GDWfRj3AbGHWg4uvBGYvBSOp/EK3MTbu3+FjUS/xlsBpHvH5w/Pm6UEnEWwHyQ2fO2\n1kgeXgZCNe1Qf7RtpZhVNNccKr+kC33xJczAzJWanSB3NYQgFyBrZ1j4c7/9Wssr4K7DAP\n5gUfkIFtHogJgM5sJxZn98wDTwH//Ln6L9jwzEYqJpvZVMPEfN8robLaVzIPvTl1efOlk+\nyQWc/sv27TVjT7c52zpaBckTVk2hXL/iCN39kPPbDS07+B66+GoIOShN6QGJvHTwZ7+1pg\nDt0FE/TuLSWhdq6Ro50E+5fmmXYlyvTnjrj1E0Vlh3c9ZTbZIkEAx13wLQQzYZo45FD9KS\nu11N2hp6sPKkDEPCBC7gm4CE/qqxxv/3FdUMlM4ex+5oJD+lRdf2m85NdH45VhdmdWXsXt\ngI2rNdvSaLEKYZ+XybtYgSAmA/8c9gWBKhBpVbl6H5mRLsFjChNAbf+gSF9eqRWINkVvxc\nv98+uLn+eQPDiiz1ol0nAOocDVW9MygHh5Th6LckRo6/ozJYTFfsIZ3CyPjJfj3StiIMyE\nEAAAdIXt+XT17fl08AAAAHc3NoLXJzYQAAAgEA7QI+17xaWO36anssYty4WWLWNub5PRvP\nvQ6U129zBU/Glx8ZUeNGFJLDY/uWzkwMEtmFcDbmO4jVaFhixK08bIuMV333NAOhwestdj\nyKrdOtiTLLkEqVUT4FvBaKw8GDWfRj3AbGHWg4uvBGYvBSOp/EK3MTbu3+FjUS/xlsBpHv\nH5w/Pm6UEnEWwHyQ2fO21kgeXgZCNe1Qf7RtpZhVNNccKr+kC33xJczAzJWanSB3NYQgFy\nBrZ1j4c7/9Wssr4K7DAP5gUfkIFtHogJgM5sJxZn98wDTwH//Ln6L9jwzEYqJpvZVMPEfN\n8robLaVzIPvTl1efOlk+yQWc/sv27TVjT7c52zpaBckTVk2hXL/iCN39kPPbDS07+B66+G\noIOShN6QGJvHTwZ7+1pgDt0FE/TuLSWhdq6Ro50E+5fmmXYlyvTnjrj1E0Vlh3c9ZTbZIk\nEAx13wLQQzYZo45FD9KSu11N2hp6sPKkDEPCBC7gm4CE/qqxxv/3FdUMlM4ex+5oJD+lRd\nf2m85NdH45VhdmdWXsXtgI2rNdvSaLEKYZ+XybtYgSAmA/8c9gWBKhBpVbl6H5mRLsFjCh\nNAbf+gSF9eqRWINkVvxcv98+uLn+eQPDiiz1ol0nAOocDVW9MygHh5Th6LckRo6/ozJYTF\nfsIZ3CyPjJfj3StiIMyEEAAAADAQABAAACAQCnIA86R0oaLW2IimSpLeUcutI9ErArxCG/\nubmBFMixtShfRgGvuaigN0Fqjm0v+XYGELbEgyHkVz/M/Y5gC5xxGhITW/LmDa2RtYlwN4\n6+tmZHObdLfxw9lpOqpuag1SMPWoLUEz6+W9CtGWM4vyfsyN4mmVXZwh6KgFBt6/o9w8gv\nrRj3qDfnrTES+IOX/QAvp9kqChXEOxypgIxU2c8znH/zMQG3TM6wDeriGJhXNh55cTrDtA\nuoa5d+36IC1QOSwwkk+Trocseed9QQYaevTOt0EG/ihTHSDqkCX4eWyLTurIINumpwk12J\nTGx/yowddRYmQRY5qdbZH4kuLptmG+wZb3D6PqBqB5GLO3EZ0CTX7TVV6u4f4t2l0V/cmP\n2T1pQRYmfYN30AJpej4d9b5qF9p8CvTo2jNOUvYgD4Gc4WcIDkwWFcPMaRYQXZBF8v1l2c\nnkh+qE1NJsjkKlqbZoOD/pz9g29jIl5Wh+sjttFX5Ptp5P7udXzKYXmy3iSJG2QI2sumUn\nrnYxLLpHjZzQqe1wM7OkZhez5XPLbKhdvmsweZrY2vTUUCU8H/5chibqpAN2F65MdLOPAU\nHcmVuLBpXrfD3KCL3y6oN7EW6pg2eKCN+E/RBt7D9Mz/sXv9SwN1jzc2ogt+7iYH4BugOB\n2jQ91VaOSWhAbHWyOvJQAAAQAnunqG7c7RUeWjt4sXdhPbnkW+iiTZfb0vtrwIermu3iHL\npCXPnK+srp8YtwVwsqe7Zp5yEk24CbN1oBPKivcro0ThUa3nJz7A+QnlfHRLOeZfktYLo7\nxf39FCnG/kuq7AHs3HPXaAfLBltiDoKITu11nVqXtAASpsn5Mu+daF7zb2k8T0Q953LDI0\nalHJToSL0/ASAATh5QyA5bEfyfMUA7juqFPCobMbyoJ6e2Sc7dyFyA/BbFCy1Rp7Ljc5c/\n3Hjm5XRkmRUGz5wDX+lD418Ahy+HiiyVizFDi5MY49wByA+vneQun/0yr2doEToXNygz7I\nN1rtBti1x2u+1hPbAAABAQD7JDV22BJVk0KeML8wkqvH6CoCUF94UCcvqZTd14oqkKVY4b\nw2hajtsScIkFMEy6PDoypTNmGWF972Duawp5rnRB5/opYxeznqcJ27cfcv43vlp+277TWb\nbJnlhCLfA+IWlVTXJSc6ndL32vOnZEL9fpRDtm4lctoiLkrKUyac0djbzpU/Id5jkQ9frD\nrJ2KeuXzmQxxFImntnB53ttJUgbxMcp6RyMHeR4KaOP8BRSuM6gffkSWKB/BR68tzroGAU\nC9J0+ascNdPEuPfYuAIEmIERMQrSTjUbyM/kTRYBonOfsptZkGmpQ/tBE68IQFdCIvMmuw\nH0YjDptO/Cpy5LAAABAQDxmAs5piwkiemBx/feHtq1O1H0EkMRubyITqx98RX5yhnsG2Fu\n0z9BfHHhnmqdJSwVFVo871Rta8fYqUHqXJmq/BC/Ilm0wBxrsiHVi8E05ENAfRIASubESy\nm0cKMbKTztvye0ZGz2eGSQlA4q1D9+yXbzwUJZcgZ2XWMfqdiCQlGVS0cSWRCG7km4Ih8i\npq2Am5yWtXgHgks8Z9W3muigN2QsWFnkIjqBPNLPE7AAy9Mz3rLqWwTFAid/1EfLusgnii\ncvz1BFCgEJ/aXEUjenoycXE+6DBaLljmoVJz9Z7xHmfTbj573EJjs37doxtSyLCuxH7f6n\nxVm+sL42m9wjAAAAEXJvb3RANWMwNTE2ODFkMjZjAQ==\n-----END OPENSSH PRIVATE KEY-----",
                            "value_from": []
                          }
                        ],
                        "env_from": [],
                        "image": "us-docker.pkg.dev/cloudrun/container/placeholder",
                        "liveness_probe": [],
                        "name": "",
                        "ports": [
                          {
                            "container_port": 8080,
                            "name": "http1",
                            "protocol": ""
                          }
                        ],
                        "resources": [
                          {
                            "limits": {
                              "cpu": "1000m",
                              "memory": "512Mi"
                            },
                            "requests": {}
                          }
                        ],
                        "startup_probe": [
                          {
                            "failure_threshold": 1,
                            "grpc": [],
                            "http_get": [],
                            "initial_delay_seconds": 0,
                            "period_seconds": 240,
                            "tcp_socket": [
                              {
                                "port": 8080
                              }
                            ],
                            "timeout_seconds": 240
                          }
                        ],
                        "volume_mounts": [],
                        "working_dir": ""
                      }
                    ],
                    "service_account_name": "cloud-run-aws-access@dse-nps.iam.gserviceaccount.com",
                    "serving_state": "",
                    "timeout_seconds": 300,
                    "volumes": []
                  }
                ]
              }
            ],
            "timeouts": null,
            "traffic": [
              {
                "latest_revision": true,
                "percent": 100,
                "revision_name": "",
                "tag": "",
                "url": ""
              }
            ]
          },
          "sensitive_attributes": [
            [
              {
                "type": "get_attr",
                "value": "template"
              },
              {
                "type": "index",
                "value": {
                  "value": 0,
                  "type": "number"
                }
              },
              {
                "type": "get_attr",
                "value": "spec"
              },
              {
                "type": "index",
                "value": {
                  "value": 0,
                  "type": "number"
                }
              },
              {
                "type": "get_attr",
                "value": "containers"
              },
              {
                "type": "index",
                "value": {
                  "value": 0,
                  "type": "number"
                }
              },
              {
                "type": "get_attr",
                "value": "env"
              }
            ]
          ],
          "private": "eyJlMmJmYjczMC1lY2FhLTExZTYtOGY4OC0zNDM2M2JjN2M0YzAiOnsiY3JlYXRlIjoxMjAwMDAwMDAwMDAwLCJkZWxldGUiOjEyMDAwMDAwMDAwMDAsInVwZGF0ZSI6MTIwMDAwMDAwMDAwMH0sInNjaGVtYV92ZXJzaW9uIjoiMiJ9",
          "dependencies": [
            "data.google_secret_manager_secret_version.burn_sftp_ssh_keys",
            "google_service_account.access_aws_secrets"
          ]
        }
      ]
    },
    {
      "mode": "managed",
      "type": "google_cloud_run_service_iam_member",
      "name": "public",
      "provider": "provider[\"registry.opentofu.org/hashicorp/google\"]",
      "instances": [
        {
          "schema_version": 0,
          "attributes": {
            "condition": [],
            "etag": "BwYN6/RqNfk=",
            "id": "v1/projects/dse-nps/locations/us-central1/services/tf-rest-burn-severity/roles/run.invoker/allUsers",
            "location": "us-central1",
            "member": "allUsers",
            "project": "dse-nps",
            "role": "roles/run.invoker",
            "service": "v1/projects/dse-nps/locations/us-central1/services/tf-rest-burn-severity"
          },
          "sensitive_attributes": [],
          "private": "bnVsbA==",
          "dependencies": [
            "data.google_secret_manager_secret_version.burn_sftp_ssh_keys",
            "google_cloud_run_service.tf-rest-burn-severity",
            "google_service_account.access_aws_secrets"
          ]
        }
      ]
    },
    {
      "mode": "managed",
      "type": "google_iam_workload_identity_pool",
      "name": "pool",
      "provider": "provider[\"registry.opentofu.org/hashicorp/google\"]",
      "instances": [
        {
          "schema_version": 0,
          "attributes": {
            "description": "Workload identity pool for GitHub actions",
            "disabled": false,
            "display_name": "Github Actions Pool",
            "id": "projects/dse-nps/locations/global/workloadIdentityPools/github",
            "name": "projects/113009620257/locations/global/workloadIdentityPools/github",
            "project": "dse-nps",
            "state": "ACTIVE",
            "timeouts": null,
            "workload_identity_pool_id": "github"
          },
          "sensitive_attributes": [],
          "private": "eyJlMmJmYjczMC1lY2FhLTExZTYtOGY4OC0zNDM2M2JjN2M0YzAiOnsiY3JlYXRlIjoxMjAwMDAwMDAwMDAwLCJkZWxldGUiOjEyMDAwMDAwMDAwMDAsInVwZGF0ZSI6MTIwMDAwMDAwMDAwMH19"
        }
      ]
    },
    {
      "mode": "managed",
      "type": "google_iam_workload_identity_pool_provider",
      "name": "oidc",
      "provider": "provider[\"registry.opentofu.org/hashicorp/google\"]",
      "instances": [
        {
          "schema_version": 0,
          "attributes": {
            "attribute_condition": "",
            "attribute_mapping": {
              "attribute.actor": "assertion.actor",
              "attribute.repository": "assertion.repository",
              "google.subject": "assertion.sub"
            },
            "aws": [],
            "description": "",
            "disabled": false,
            "display_name": "GitHub OIDC Provider",
            "id": "projects/dse-nps/locations/global/workloadIdentityPools/github/providers/oidc-provider",
            "name": "projects/113009620257/locations/global/workloadIdentityPools/github/providers/oidc-provider",
            "oidc": [
              {
                "allowed_audiences": [],
                "issuer_uri": "https://token.actions.githubusercontent.com",
                "jwks_json": ""
              }
            ],
            "project": "dse-nps",
            "state": "ACTIVE",
            "timeouts": null,
            "workload_identity_pool_id": "github",
            "workload_identity_pool_provider_id": "oidc-provider"
          },
          "sensitive_attributes": [],
          "private": "eyJlMmJmYjczMC1lY2FhLTExZTYtOGY4OC0zNDM2M2JjN2M0YzAiOnsiY3JlYXRlIjoxMjAwMDAwMDAwMDAwLCJkZWxldGUiOjEyMDAwMDAwMDAwMDAsInVwZGF0ZSI6MTIwMDAwMDAwMDAwMH19",
          "dependencies": [
            "google_iam_workload_identity_pool.pool"
          ]
        }
      ]
    },
    {
      "mode": "managed",
      "type": "google_project_iam_member",
      "name": "SA_get_access_token",
      "provider": "provider[\"registry.opentofu.org/hashicorp/google\"]",
      "instances": [
        {
          "schema_version": 0,
          "attributes": {
            "condition": [],
            "etag": "BwYN6wfS5ec=",
            "id": "dse-nps/roles/iam.serviceAccountTokenCreator/serviceAccount:github-actions-service-account@dse-nps.iam.gserviceaccount.com",
            "member": "serviceAccount:github-actions-service-account@dse-nps.iam.gserviceaccount.com",
            "project": "dse-nps",
            "role": "roles/iam.serviceAccountTokenCreator"
          },
          "sensitive_attributes": [],
          "private": "bnVsbA==",
          "dependencies": [
            "google_service_account.github_actions"
          ]
        }
      ]
    },
    {
      "mode": "managed",
      "type": "google_project_iam_member",
      "name": "artifact_registry_writer",
      "provider": "provider[\"registry.opentofu.org/hashicorp/google\"]",
      "instances": [
        {
          "schema_version": 0,
          "attributes": {
            "condition": [],
            "etag": "BwYN6wfS5ec=",
            "id": "dse-nps/roles/artifactregistry.writer/serviceAccount:github-actions-service-account@dse-nps.iam.gserviceaccount.com",
            "member": "serviceAccount:github-actions-service-account@dse-nps.iam.gserviceaccount.com",
            "project": "dse-nps",
            "role": "roles/artifactregistry.writer"
          },
          "sensitive_attributes": [],
          "private": "bnVsbA==",
          "dependencies": [
            "google_service_account.github_actions"
          ]
        }
      ]
    },
    {
      "mode": "managed",
      "type": "google_project_iam_member",
      "name": "cloudbuild_builder",
      "provider": "provider[\"registry.opentofu.org/hashicorp/google\"]",
      "instances": [
        {
          "schema_version": 0,
          "attributes": {
            "condition": [],
            "etag": "BwYN6wfS5ec=",
            "id": "dse-nps/roles/cloudbuild.builds.builder/serviceAccount:github-actions-service-account@dse-nps.iam.gserviceaccount.com",
            "member": "serviceAccount:github-actions-service-account@dse-nps.iam.gserviceaccount.com",
            "project": "dse-nps",
            "role": "roles/cloudbuild.builds.builder"
          },
          "sensitive_attributes": [],
          "private": "bnVsbA==",
          "dependencies": [
            "google_service_account.github_actions"
          ]
        }
      ]
    },
    {
      "mode": "managed",
      "type": "google_project_iam_member",
      "name": "run_admin",
      "provider": "provider[\"registry.opentofu.org/hashicorp/google\"]",
      "instances": [
        {
          "schema_version": 0,
          "attributes": {
            "condition": [],
            "etag": "BwYN6wfS5ec=",
            "id": "dse-nps/roles/run.admin/serviceAccount:github-actions-service-account@dse-nps.iam.gserviceaccount.com",
            "member": "serviceAccount:github-actions-service-account@dse-nps.iam.gserviceaccount.com",
            "project": "dse-nps",
            "role": "roles/run.admin"
          },
          "sensitive_attributes": [],
          "private": "bnVsbA==",
          "dependencies": [
            "google_service_account.github_actions"
          ]
        }
      ]
    },
    {
      "mode": "managed",
      "type": "google_project_iam_member",
      "name": "run_service_agent",
      "provider": "provider[\"registry.opentofu.org/hashicorp/google\"]",
      "instances": [
        {
          "schema_version": 0,
          "attributes": {
            "condition": [],
            "etag": "BwYN6wfS5ec=",
            "id": "dse-nps/roles/run.serviceAgent/serviceAccount:github-actions-service-account@dse-nps.iam.gserviceaccount.com",
            "member": "serviceAccount:github-actions-service-account@dse-nps.iam.gserviceaccount.com",
            "project": "dse-nps",
            "role": "roles/run.serviceAgent"
          },
          "sensitive_attributes": [],
          "private": "bnVsbA==",
          "dependencies": [
            "google_service_account.github_actions"
          ]
        }
      ]
    },
    {
      "mode": "managed",
      "type": "google_service_account",
      "name": "access_aws_secrets",
      "provider": "provider[\"registry.opentofu.org/hashicorp/google\"]",
      "instances": [
        {
          "schema_version": 0,
          "attributes": {
            "account_id": "cloud-run-aws-access",
            "description": "This service account is used by the Cloud Run service to access AWS Secrets",
            "disabled": false,
            "display_name": "Cloud Run AWS Access Service Account",
            "email": "cloud-run-aws-access@dse-nps.iam.gserviceaccount.com",
            "id": "projects/dse-nps/serviceAccounts/cloud-run-aws-access@dse-nps.iam.gserviceaccount.com",
            "member": "serviceAccount:cloud-run-aws-access@dse-nps.iam.gserviceaccount.com",
            "name": "projects/dse-nps/serviceAccounts/cloud-run-aws-access@dse-nps.iam.gserviceaccount.com",
            "project": "dse-nps",
            "timeouts": null,
            "unique_id": "105593077468163557452"
          },
          "sensitive_attributes": [],
          "private": "eyJlMmJmYjczMC1lY2FhLTExZTYtOGY4OC0zNDM2M2JjN2M0YzAiOnsiY3JlYXRlIjozMDAwMDAwMDAwMDB9fQ=="
        }
      ]
    },
    {
      "mode": "managed",
      "type": "google_service_account",
      "name": "github_actions",
      "provider": "provider[\"registry.opentofu.org/hashicorp/google\"]",
      "instances": [
        {
          "schema_version": 0,
          "attributes": {
            "account_id": "github-actions-service-account",
            "description": "This service account is used by GitHub Actions",
            "disabled": false,
            "display_name": "Github Actions Service Account",
            "email": "github-actions-service-account@dse-nps.iam.gserviceaccount.com",
            "id": "projects/dse-nps/serviceAccounts/github-actions-service-account@dse-nps.iam.gserviceaccount.com",
            "member": "serviceAccount:github-actions-service-account@dse-nps.iam.gserviceaccount.com",
            "name": "projects/dse-nps/serviceAccounts/github-actions-service-account@dse-nps.iam.gserviceaccount.com",
            "project": "dse-nps",
            "timeouts": null,
            "unique_id": "116366747476107162071"
          },
          "sensitive_attributes": [],
          "private": "eyJlMmJmYjczMC1lY2FhLTExZTYtOGY4OC0zNDM2M2JjN2M0YzAiOnsiY3JlYXRlIjozMDAwMDAwMDAwMDB9fQ=="
        }
      ]
    },
    {
      "mode": "managed",
      "type": "google_service_account_iam_binding",
      "name": "workload_identity_user",
      "provider": "provider[\"registry.opentofu.org/hashicorp/google\"]",
      "instances": [
        {
          "schema_version": 0,
          "attributes": {
            "condition": [],
            "etag": "BwYN2W2swkM=",
            "id": "projects/dse-nps/serviceAccounts/github-actions-service-account@dse-nps.iam.gserviceaccount.com/roles/iam.workloadIdentityUser",
            "members": [
              "principalSet://iam.googleapis.com/projects/113009620257/locations/global/workloadIdentityPools/github/attribute.repository/SchmidtDSE/burn-severity-mapping-poc"
            ],
            "role": "roles/iam.workloadIdentityUser",
            "service_account_id": "projects/dse-nps/serviceAccounts/github-actions-service-account@dse-nps.iam.gserviceaccount.com"
          },
          "sensitive_attributes": [],
          "private": "bnVsbA==",
          "dependencies": [
            "data.google_project.project",
            "google_iam_workload_identity_pool.pool",
            "google_service_account.github_actions"
          ]
        }
      ]
    }
  ],
  "check_results": null
}
