{
  "version": 4,
  "terraform_version": "1.6.0",
  "serial": 110,
  "lineage": "44075ebe-b91a-1e72-3b17-affdfb63c0f1",
  "outputs": {},
  "resources": [
    {
      "mode": "data",
      "type": "aws_iam_policy_document",
      "name": "assume_role",
      "provider": "provider[\"registry.opentofu.org/hashicorp/aws\"]",
      "instances": [
        {
          "schema_version": 0,
          "attributes": {
            "id": "3448115094",
            "json": "{\n  \"Version\": \"2012-10-17\",\n  \"Statement\": [\n    {\n      \"Sid\": \"\",\n      \"Effect\": \"Allow\",\n      \"Action\": \"sts:AssumeRole\",\n      \"Principal\": {\n        \"Service\": \"transfer.amazonaws.com\"\n      }\n    }\n  ]\n}",
            "override_json": null,
            "override_policy_documents": null,
            "policy_id": null,
            "source_json": null,
            "source_policy_documents": null,
            "statement": [
              {
                "actions": [
                  "sts:AssumeRole"
                ],
                "condition": [],
                "effect": "Allow",
                "not_actions": [],
                "not_principals": [],
                "not_resources": [],
                "principals": [
                  {
                    "identifiers": [
                      "transfer.amazonaws.com"
                    ],
                    "type": "Service"
                  }
                ],
                "resources": [],
                "sid": ""
              }
            ],
            "version": "2012-10-17"
          },
          "sensitive_attributes": []
        }
      ]
    },
    {
      "mode": "data",
      "type": "aws_iam_policy_document",
      "name": "assume_role_policy",
      "provider": "provider[\"registry.opentofu.org/hashicorp/aws\"]",
      "instances": [
        {
          "schema_version": 0,
          "attributes": {
            "id": "1555914350",
            "json": "{\n  \"Version\": \"2012-10-17\",\n  \"Statement\": [\n    {\n      \"Sid\": \"\",\n      \"Effect\": \"Allow\",\n      \"Action\": \"sts:AssumeRoleWithWebIdentity\",\n      \"Principal\": {\n        \"Federated\": \"arn:aws:iam::557418946771:oidc-provider/https://113009620257\"\n      },\n      \"Condition\": {\n        \"StringEquals\": {\n          \"https://113009620257.svc.id.goog:sub\": \"system:serviceaccount:113009620257.svc.id.goog[default/cloud-run-aws-access]\"\n        }\n      }\n    }\n  ]\n}",
            "override_json": null,
            "override_policy_documents": null,
            "policy_id": null,
            "source_json": null,
            "source_policy_documents": null,
            "statement": [
              {
                "actions": [
                  "sts:AssumeRoleWithWebIdentity"
                ],
                "condition": [
                  {
                    "test": "StringEquals",
                    "values": [
                      "system:serviceaccount:113009620257.svc.id.goog[default/cloud-run-aws-access]"
                    ],
                    "variable": "https://113009620257.svc.id.goog:sub"
                  }
                ],
                "effect": "Allow",
                "not_actions": [],
                "not_principals": [],
                "not_resources": [],
                "principals": [
                  {
                    "identifiers": [
                      "arn:aws:iam::557418946771:oidc-provider/https://113009620257"
                    ],
                    "type": "Federated"
                  }
                ],
                "resources": [],
                "sid": ""
              }
            ],
            "version": "2012-10-17"
          },
          "sensitive_attributes": []
        }
      ]
    },
    {
      "mode": "data",
      "type": "google_project",
      "name": "project",
      "provider": "provider[\"registry.opentofu.org/hashicorp/google\"]",
      "instances": [
        {
          "schema_version": 0,
          "attributes": {
            "auto_create_network": null,
            "billing_account": "01A7B5-9B470D-033A79",
            "effective_labels": {
              "earth-engine": ""
            },
            "folder_id": "607593678656",
            "id": "projects/dse-nps",
            "labels": {
              "earth-engine": ""
            },
            "name": "dse-nps",
            "number": "113009620257",
            "org_id": "",
            "project_id": "dse-nps",
            "skip_delete": null,
            "terraform_labels": {
              "earth-engine": ""
            }
          },
          "sensitive_attributes": []
        }
      ]
    },
    {
      "mode": "managed",
      "type": "aws_iam_role",
      "name": "admin",
      "provider": "provider[\"registry.opentofu.org/hashicorp/aws\"]",
      "instances": [
        {
          "schema_version": 0,
          "attributes": {
            "arn": "arn:aws:iam::557418946771:role/tf-sftp-user-iam-role",
            "assume_role_policy": "{\"Statement\":[{\"Action\":\"sts:AssumeRole\",\"Effect\":\"Allow\",\"Principal\":{\"Service\":\"transfer.amazonaws.com\"},\"Sid\":\"\"}],\"Version\":\"2012-10-17\"}",
            "create_date": "2024-01-02T17:52:52Z",
            "description": "",
            "force_detach_policies": false,
            "id": "tf-sftp-user-iam-role",
            "inline_policy": [],
            "managed_policy_arns": [],
            "max_session_duration": 3600,
            "name": "tf-sftp-user-iam-role",
            "name_prefix": "",
            "path": "/",
            "permissions_boundary": null,
            "role_last_used": [
              {
                "last_used_date": "",
                "region": ""
              }
            ],
            "tags": null,
            "tags_all": {},
            "unique_id": "AROAYDSGCEDJWK62KL7YN"
          },
          "sensitive_attributes": [],
          "private": "bnVsbA==",
          "dependencies": [
            "data.aws_iam_policy_document.assume_role"
          ]
        }
      ]
    },
    {
      "mode": "managed",
      "type": "aws_iam_role",
      "name": "role",
      "provider": "provider[\"registry.opentofu.org/hashicorp/aws\"]",
      "instances": [
        {
          "schema_version": 0,
          "attributes": {
            "arn": "arn:aws:iam::557418946771:role/aws_secrets_access_role",
            "assume_role_policy": "{\"Statement\":[{\"Action\":\"sts:AssumeRoleWithWebIdentity\",\"Condition\":{\"StringEquals\":{\"https://113009620257.svc.id.goog:sub\":\"system:serviceaccount:113009620257.svc.id.goog[default/cloud-run-aws-access]\"}},\"Effect\":\"Allow\",\"Principal\":{\"Federated\":\"arn:aws:iam::557418946771:oidc-provider/https://113009620257\"},\"Sid\":\"\"}],\"Version\":\"2012-10-17\"}",
            "create_date": "2024-01-01T02:48:06Z",
            "description": "",
            "force_detach_policies": false,
            "id": "aws_secrets_access_role",
            "inline_policy": [],
            "managed_policy_arns": [],
            "max_session_duration": 3600,
            "name": "aws_secrets_access_role",
            "name_prefix": "",
            "path": "/",
            "permissions_boundary": null,
            "role_last_used": [
              {
                "last_used_date": "",
                "region": ""
              }
            ],
            "tags": {},
            "tags_all": {},
            "unique_id": "AROAYDSGCEDJ2QUIFJOKU"
          },
          "sensitive_attributes": [],
          "private": "bnVsbA==",
          "dependencies": [
            "data.aws_iam_policy_document.assume_role_policy",
            "data.google_project.project",
            "google_service_account.access_aws_secrets"
          ]
        }
      ]
    },
    {
      "mode": "managed",
      "type": "aws_transfer_server",
      "name": "tf-sftp-burn-severity",
      "provider": "provider[\"registry.opentofu.org/hashicorp/aws\"]",
      "instances": [
        {
          "schema_version": 0,
          "attributes": {
            "arn": "arn:aws:transfer:us-east-2:557418946771:server/s-ef937729b03041ef8",
            "certificate": "",
            "directory_id": "",
            "domain": "S3",
            "endpoint": "s-ef937729b03041ef8.server.transfer.us-east-2.amazonaws.com",
            "endpoint_details": [],
            "endpoint_type": "PUBLIC",
            "force_destroy": false,
            "function": "",
            "host_key": null,
            "host_key_fingerprint": "SHA256:npfOCj6azmwssqsMmWpjgGBEQw6rV/reMlsnZxeEl8U=",
            "id": "s-ef937729b03041ef8",
            "identity_provider_type": "SERVICE_MANAGED",
            "invocation_role": "",
            "logging_role": "",
            "post_authentication_login_banner": "",
            "pre_authentication_login_banner": "",
            "protocol_details": [
              {
                "as2_transports": [],
                "passive_ip": "AUTO",
                "set_stat_option": "DEFAULT",
                "tls_session_resumption_mode": "ENFORCED"
              }
            ],
            "protocols": [
              "SFTP"
            ],
            "security_policy_name": "TransferSecurityPolicy-2018-11",
            "tags": {},
            "tags_all": {},
            "url": "",
            "workflow_details": []
          },
          "sensitive_attributes": [],
          "private": "bnVsbA=="
        }
      ]
    },
    {
      "mode": "managed",
      "type": "aws_transfer_user",
      "name": "tf-sftp-burn-severity",
      "provider": "provider[\"registry.opentofu.org/hashicorp/aws\"]",
      "instances": [
        {
          "schema_version": 0,
          "attributes": {
            "arn": "arn:aws:transfer:us-east-2:557418946771:user/s-ef937729b03041ef8/admin",
            "home_directory": "/public",
            "home_directory_mappings": [],
            "home_directory_type": "PATH",
            "id": "s-ef937729b03041ef8/admin",
            "policy": "",
            "posix_profile": [],
            "role": "arn:aws:iam::557418946771:role/tf-sftp-user-iam-role",
            "server_id": "s-ef937729b03041ef8",
            "tags": null,
            "tags_all": {},
            "timeouts": null,
            "user_name": "admin"
          },
          "sensitive_attributes": [],
          "private": "eyJlMmJmYjczMC1lY2FhLTExZTYtOGY4OC0zNDM2M2JjN2M0YzAiOnsiZGVsZXRlIjo2MDAwMDAwMDAwMDB9fQ==",
          "dependencies": [
            "aws_iam_role.admin",
            "aws_transfer_server.tf-sftp-burn-severity",
            "data.aws_iam_policy_document.assume_role"
          ]
        }
      ]
    },
    {
      "mode": "managed",
      "type": "google_artifact_registry_repository",
      "name": "burn-backend",
      "provider": "provider[\"registry.opentofu.org/hashicorp/google\"]",
      "instances": [
        {
          "schema_version": 0,
          "attributes": {
            "create_time": "2023-12-31T03:14:03.513874Z",
            "description": "",
            "docker_config": [],
            "effective_labels": {},
            "format": "DOCKER",
            "id": "projects/dse-nps/locations/us-central1/repositories/burn-backend",
            "kms_key_name": "",
            "labels": {},
            "location": "us-central1",
            "maven_config": [],
            "mode": "STANDARD_REPOSITORY",
            "name": "burn-backend",
            "project": "dse-nps",
            "remote_repository_config": [],
            "repository_id": "burn-backend",
            "terraform_labels": {},
            "timeouts": null,
            "update_time": "2024-01-02T07:18:36.816052Z",
            "virtual_repository_config": []
          },
          "sensitive_attributes": [],
          "private": "eyJlMmJmYjczMC1lY2FhLTExZTYtOGY4OC0zNDM2M2JjN2M0YzAiOnsiY3JlYXRlIjoxMjAwMDAwMDAwMDAwLCJkZWxldGUiOjEyMDAwMDAwMDAwMDAsInVwZGF0ZSI6MTIwMDAwMDAwMDAwMH19"
        }
      ]
    },
    {
      "mode": "managed",
      "type": "google_cloud_run_service",
      "name": "tf-rest-burn-severity",
      "provider": "provider[\"registry.opentofu.org/hashicorp/google\"]",
      "instances": [
        {
          "schema_version": 2,
          "attributes": {
            "autogenerate_revision_name": false,
            "id": "locations/us-central1/namespaces/dse-nps/services/tf-rest-burn-severity",
            "location": "us-central1",
            "metadata": [
              {
                "annotations": {},
                "effective_annotations": {
                  "run.googleapis.com/client-name": "gcloud",
                  "run.googleapis.com/client-version": "457.0.0",
                  "run.googleapis.com/ingress": "all",
                  "run.googleapis.com/ingress-status": "all",
                  "run.googleapis.com/operation-id": "a869a216-37ae-460c-8c0f-df774c950b25",
                  "serving.knative.dev/creator": "npg@berkeley.edu",
                  "serving.knative.dev/lastModifier": "npg@berkeley.edu"
                },
                "effective_labels": {
                  "cloud.googleapis.com/location": "us-central1"
                },
                "generation": 21,
                "labels": {},
                "namespace": "dse-nps",
                "resource_version": "AAYN+hropBk",
                "self_link": "/apis/serving.knative.dev/v1/namespaces/113009620257/services/tf-rest-burn-severity",
                "terraform_labels": {},
                "uid": "21bd9415-f58f-4c49-a191-9450f2035ed6"
              }
            ],
            "name": "tf-rest-burn-severity",
            "project": "dse-nps",
            "status": [
              {
                "conditions": [
                  {
                    "message": "",
                    "reason": "",
                    "status": "True",
                    "type": "Ready"
                  },
                  {
                    "message": "",
                    "reason": "",
                    "status": "True",
                    "type": "ConfigurationsReady"
                  },
                  {
                    "message": "",
                    "reason": "",
                    "status": "True",
                    "type": "RoutesReady"
                  }
                ],
                "latest_created_revision_name": "tf-rest-burn-severity-00021-25c",
                "latest_ready_revision_name": "tf-rest-burn-severity-00021-25c",
                "observed_generation": 21,
                "traffic": [
                  {
                    "latest_revision": true,
                    "percent": 100,
                    "revision_name": "tf-rest-burn-severity-00021-25c",
                    "tag": "",
                    "url": ""
                  }
                ],
                "url": "https://tf-rest-burn-severity-ohi6r6qs2a-uc.a.run.app"
              }
            ],
            "template": [
              {
                "metadata": [
                  {
                    "annotations": {
                      "autoscaling.knative.dev/maxScale": "100",
                      "run.googleapis.com/client-name": "gcloud",
                      "run.googleapis.com/client-version": "457.0.0"
                    },
                    "generation": 0,
                    "labels": {
                      "client.knative.dev/nonce": "thjgdkxexr",
                      "run.googleapis.com/startupProbeType": "Default"
                    },
                    "name": "",
                    "namespace": "",
                    "resource_version": "",
                    "self_link": "",
                    "uid": ""
                  }
                ],
                "spec": [
                  {
                    "container_concurrency": 80,
                    "containers": [
                      {
                        "args": [],
                        "command": [],
                        "env": [
                          {
                            "name": "ENV",
                            "value": "CLOUD",
                            "value_from": []
                          },
                          {
                            "name": "SFTP_SSH_KEY_PRIVATE",
                            "value": "-----BEGIN OPENSSH PRIVATE KEY-----\nb3BlbnNzaC1rZXktdjEAAAAABG5vbmUAAAAEbm9uZQAAAAAAAAABAAACFwAAAAdzc2gtcn\nNhAAAAAwEAAQAAAgEAoy8fAZSGoMFF4xXLfOi3y35NY6NvjB0Gpe5a8OWI/8XOmX4K4gFw\n71f/AZiQKcmLZ9sexzF33Qx5pf0hh0WFlO3Mic+4ngMHongPb8CbJGdOdn5zfze+SwK4eg\nJdd7wXpuvPhmjzbFfLHEkVSqk+eUSbMP0GVdhO6/+191p8tj7UNreJcHtOIWahaOHtrXf1\nUjELaFe6YK6c5HllNbsVxP2TV4BG5fxwsJTAhExRCAJ+XZlnMwRo+ka+Vrd14f3ZsM1GYk\nTZx8VAQM3EjBEAW/MLuUI+vGzfX0/JpGPFXr/uhK9mH23TY3HvTmfjWp8nomt1jmOVr1aW\nQmiekng2DOCQZ/FTKXs4l16QIURtQ/Bo/3u3FqVKYUDG5cWIAq4KpQM0xteLRw7hWcf4lj\nLrBIWHJbhueWykvNfNV88NSSppunkvNKqJMe8J0HLX4+0FbYQv891C2hLGmcbexhlfDTgH\n+JvGMQW6IwuZT7EVhZOoHn57RN/GesgCLf7yzXU/5OdcLoicT6bLk9G0tX/AINNl5QVXvk\nNNOztNZ3ssFG9EFvY2p7ULkHxQjuoUfHwwF49vOFUM4kGz8apQOZ7zAIrFDDUUhhK5x3s4\nBSdqtaxx0SJwYBqJOxalQhdSenvXNTL9fqz+icnQ+1ogZiTTjn9oZo8nc0FatMS527fZn1\n8AAAdIgX745oF++OYAAAAHc3NoLXJzYQAAAgEAoy8fAZSGoMFF4xXLfOi3y35NY6NvjB0G\npe5a8OWI/8XOmX4K4gFw71f/AZiQKcmLZ9sexzF33Qx5pf0hh0WFlO3Mic+4ngMHongPb8\nCbJGdOdn5zfze+SwK4egJdd7wXpuvPhmjzbFfLHEkVSqk+eUSbMP0GVdhO6/+191p8tj7U\nNreJcHtOIWahaOHtrXf1UjELaFe6YK6c5HllNbsVxP2TV4BG5fxwsJTAhExRCAJ+XZlnMw\nRo+ka+Vrd14f3ZsM1GYkTZx8VAQM3EjBEAW/MLuUI+vGzfX0/JpGPFXr/uhK9mH23TY3Hv\nTmfjWp8nomt1jmOVr1aWQmiekng2DOCQZ/FTKXs4l16QIURtQ/Bo/3u3FqVKYUDG5cWIAq\n4KpQM0xteLRw7hWcf4ljLrBIWHJbhueWykvNfNV88NSSppunkvNKqJMe8J0HLX4+0FbYQv\n891C2hLGmcbexhlfDTgH+JvGMQW6IwuZT7EVhZOoHn57RN/GesgCLf7yzXU/5OdcLoicT6\nbLk9G0tX/AINNl5QVXvkNNOztNZ3ssFG9EFvY2p7ULkHxQjuoUfHwwF49vOFUM4kGz8apQ\nOZ7zAIrFDDUUhhK5x3s4BSdqtaxx0SJwYBqJOxalQhdSenvXNTL9fqz+icnQ+1ogZiTTjn\n9oZo8nc0FatMS527fZn18AAAADAQABAAACACuE95nuSHE62i6Ts28eiVXF21HFVoxheVJr\nXOl97al40X5x9OkNRVcvepysWVYrn/gUogKxmKvlFdREy9pNmjB7st7V/QB3AmQ77LH7Be\nURgAVt99NnxGIw2Y4Ab3jtOsmTfgb0mma8iziB7SG6PSUOPO01rajbRUD/M0JCaZwY6XOm\nQwsyd0XFHyrfhgmLQmunFMnBC72ZE9KC5ZEM0eN1VQQy+7V+O3d8VFN0HvAp6hWAQduDQ5\nPrpftudgvNLW9Pb4PppML4QgiGV/Ka3iOnj+raVezehDvhBX/H8+0u9qeAN5YOLiAJVK7u\nWd3jMCjKy9ErkdHvH6eaSx/420Dq5hP2is4fFpCp8yW8ikJY8B8GpM7TAhtIwKvHY0vLtZ\neIuRvcbMQgV6Q3pxobXKW9hBkrmSXAMk01pAI3ewW8xRaNb8/0zuGnOII3nVl4WuQlNXhv\nG0RbsXAws89z/J/xF+l3MRCZBLqCTSywcepYHFkAkRvKpUtZczuchuBNXLsUcTia6OzmQm\nDtJHGvWvKZEX/bYeKPmKSzVsWz/Ai6rlIb8Y5O/9oqSao1K9eY97wJxKSpOJosWm0RVA1h\nNF61j70nD8FUAlfIzgiKoeg+1mlFtr05vQC0cxcHBx/HVl+fhXiBvc0zhE8JRdUSgLBM7W\n+MKD+dVkqCtzTUc7zxAAABAQCgESsb8ASRxgf58wCpjeR8xfE6h2zAb4ptgQ6VJ+RXmcDf\nR8djr+si9wtZq1ch6kmEFyNLMeldtj9cuUl3o2XbaGXItwHnTnjUCmLhqM5W8Dmny/FzAv\n6BRaGUaQqi6qsl45dkZ1ot/5yiu8rUgbFqTPzqSKYTCc4AyTN1o6LY5El4vtHoQdlFXRrC\nOOWxbPcurNSD0EF9Ex3g3cMSbV1iiyLcXiDA3Dg6oVIXL1rmGolECYlm92lDcCa6Hu1rTq\nOtpp6Li8Mej1YyLVn5w7iatdl7fP/xDOCNlZcGvx0dK1IdtpYXH82X3gQokIZ91zxJk57H\nbaRXY9w0vVt5V/y0AAABAQDMcwj62wc7vLkinkCmMSqCkmcCojbWgqN8wvlzGitluTFw9i\nmZk+hjQzZ6WKJBrfDGnfm1n20//AYmUBdEahzpkqdT4zNdzeDDGxkfUxDgs/iPIg2Pnkmi\n9l8Kz3Y9rxD5qp+RU+QsB8dFMSA+XlvSheJZ4AjZJH/xKOry4jiSLfIqojmD7x4l2JUdiF\nOwD0mItCr3X9wCPgEB1x78CCzFkSB4PeqsmFgJWGoS2TU9G1dsAZS2mjhmEYQ0XkIME2J0\ntMtZMXUZ6YvvZO7U4BBgeZbQBi8dsGpSKpuPcqhUAtpxAIsLC+I0NPM6sa0QXPNFTo0KN0\nEMz0XyKNXMPW5jAAABAQDMVHXVEBnmmIzvlAYtc/quoTF21A3yzFYNbTonu2Tf8+XIqdJU\nXfL/sd+z/Of7zXryLXmz+VuKmqHHPKG3leKF/bk0nL+GkzT1w/wEz/KSoDEU5wghHtDXE9\n70XOFOQUjSeiK2r/ATPWyEHo4aPSRkq/z4x+6MBYVUimMRpxx0u+BDy+YikDH0fsS1cTX2\nDn6W4u1V3AaslHs6YLyi2nvZwU4qQR6/4vW+o1wisSzetrPBG5SX1pgXgKj9WtRBjp73TF\nqnuvyHN1mzwUG58VZlrhzKshgjr/kkgftOR7b+SdasPGbqeagfJuCGAdyMznJ8EynobG9o\nC3qkfcEdI03VAAAAEXJvb3RANWMwNTE2ODFkMjZjAQ==\n-----END OPENSSH PRIVATE KEY-----",
                            "value_from": []
                          }
                        ],
                        "env_from": [],
                        "image": "us-docker.pkg.dev/cloudrun/container/placeholder",
                        "liveness_probe": [],
                        "name": "",
                        "ports": [
                          {
                            "container_port": 8080,
                            "name": "http1",
                            "protocol": ""
                          }
                        ],
                        "resources": [
                          {
                            "limits": {
                              "cpu": "1000m",
                              "memory": "512Mi"
                            },
                            "requests": {}
                          }
                        ],
                        "startup_probe": [
                          {
                            "failure_threshold": 1,
                            "grpc": [],
                            "http_get": [],
                            "initial_delay_seconds": 0,
                            "period_seconds": 240,
                            "tcp_socket": [
                              {
                                "port": 8080
                              }
                            ],
                            "timeout_seconds": 240
                          }
                        ],
                        "volume_mounts": [],
                        "working_dir": ""
                      }
                    ],
                    "service_account_name": "cloud-run-aws-access@dse-nps.iam.gserviceaccount.com",
                    "serving_state": "",
                    "timeout_seconds": 300,
                    "volumes": []
                  }
                ]
              }
            ],
            "timeouts": null,
            "traffic": [
              {
                "latest_revision": true,
                "percent": 100,
                "revision_name": "",
                "tag": "",
                "url": ""
              }
            ]
          },
          "sensitive_attributes": [],
          "private": "eyJlMmJmYjczMC1lY2FhLTExZTYtOGY4OC0zNDM2M2JjN2M0YzAiOnsiY3JlYXRlIjoxMjAwMDAwMDAwMDAwLCJkZWxldGUiOjEyMDAwMDAwMDAwMDAsInVwZGF0ZSI6MTIwMDAwMDAwMDAwMH0sInNjaGVtYV92ZXJzaW9uIjoiMiJ9",
          "dependencies": [
            "google_service_account.access_aws_secrets"
          ]
        }
      ]
    },
    {
      "mode": "managed",
      "type": "google_cloud_run_service_iam_member",
      "name": "public",
      "provider": "provider[\"registry.opentofu.org/hashicorp/google\"]",
      "instances": [
        {
          "schema_version": 0,
          "attributes": {
            "condition": [],
            "etag": "BwYN6/RqNfk=",
            "id": "v1/projects/dse-nps/locations/us-central1/services/tf-rest-burn-severity/roles/run.invoker/allUsers",
            "location": "us-central1",
            "member": "allUsers",
            "project": "dse-nps",
            "role": "roles/run.invoker",
            "service": "v1/projects/dse-nps/locations/us-central1/services/tf-rest-burn-severity"
          },
          "sensitive_attributes": [],
          "private": "bnVsbA==",
          "dependencies": [
            "google_cloud_run_service.tf-rest-burn-severity",
            "google_service_account.access_aws_secrets"
          ]
        }
      ]
    },
    {
      "mode": "managed",
      "type": "google_iam_workload_identity_pool",
      "name": "pool",
      "provider": "provider[\"registry.opentofu.org/hashicorp/google\"]",
      "instances": [
        {
          "schema_version": 0,
          "attributes": {
            "description": "Workload identity pool for GitHub actions",
            "disabled": false,
            "display_name": "Github Actions Pool",
            "id": "projects/dse-nps/locations/global/workloadIdentityPools/github",
            "name": "projects/113009620257/locations/global/workloadIdentityPools/github",
            "project": "dse-nps",
            "state": "ACTIVE",
            "timeouts": null,
            "workload_identity_pool_id": "github"
          },
          "sensitive_attributes": [],
          "private": "eyJlMmJmYjczMC1lY2FhLTExZTYtOGY4OC0zNDM2M2JjN2M0YzAiOnsiY3JlYXRlIjoxMjAwMDAwMDAwMDAwLCJkZWxldGUiOjEyMDAwMDAwMDAwMDAsInVwZGF0ZSI6MTIwMDAwMDAwMDAwMH19"
        }
      ]
    },
    {
      "mode": "managed",
      "type": "google_iam_workload_identity_pool_provider",
      "name": "oidc",
      "provider": "provider[\"registry.opentofu.org/hashicorp/google\"]",
      "instances": [
        {
          "schema_version": 0,
          "attributes": {
            "attribute_condition": "",
            "attribute_mapping": {
              "attribute.actor": "assertion.actor",
              "attribute.repository": "assertion.repository",
              "google.subject": "assertion.sub"
            },
            "aws": [],
            "description": "",
            "disabled": false,
            "display_name": "GitHub OIDC Provider",
            "id": "projects/dse-nps/locations/global/workloadIdentityPools/github/providers/oidc-provider",
            "name": "projects/113009620257/locations/global/workloadIdentityPools/github/providers/oidc-provider",
            "oidc": [
              {
                "allowed_audiences": [],
                "issuer_uri": "https://token.actions.githubusercontent.com",
                "jwks_json": ""
              }
            ],
            "project": "dse-nps",
            "state": "ACTIVE",
            "timeouts": null,
            "workload_identity_pool_id": "github",
            "workload_identity_pool_provider_id": "oidc-provider"
          },
          "sensitive_attributes": [],
          "private": "eyJlMmJmYjczMC1lY2FhLTExZTYtOGY4OC0zNDM2M2JjN2M0YzAiOnsiY3JlYXRlIjoxMjAwMDAwMDAwMDAwLCJkZWxldGUiOjEyMDAwMDAwMDAwMDAsInVwZGF0ZSI6MTIwMDAwMDAwMDAwMH19",
          "dependencies": [
            "google_iam_workload_identity_pool.pool"
          ]
        }
      ]
    },
    {
      "mode": "managed",
      "type": "google_project_iam_member",
      "name": "SA_get_access_token",
      "provider": "provider[\"registry.opentofu.org/hashicorp/google\"]",
      "instances": [
        {
          "schema_version": 0,
          "attributes": {
            "condition": [],
            "etag": "BwYN6wfS5ec=",
            "id": "dse-nps/roles/iam.serviceAccountTokenCreator/serviceAccount:github-actions-service-account@dse-nps.iam.gserviceaccount.com",
            "member": "serviceAccount:github-actions-service-account@dse-nps.iam.gserviceaccount.com",
            "project": "dse-nps",
            "role": "roles/iam.serviceAccountTokenCreator"
          },
          "sensitive_attributes": [],
          "private": "bnVsbA==",
          "dependencies": [
            "google_service_account.github_actions"
          ]
        }
      ]
    },
    {
      "mode": "managed",
      "type": "google_project_iam_member",
      "name": "artifact_registry_writer",
      "provider": "provider[\"registry.opentofu.org/hashicorp/google\"]",
      "instances": [
        {
          "schema_version": 0,
          "attributes": {
            "condition": [],
            "etag": "BwYN6wfS5ec=",
            "id": "dse-nps/roles/artifactregistry.writer/serviceAccount:github-actions-service-account@dse-nps.iam.gserviceaccount.com",
            "member": "serviceAccount:github-actions-service-account@dse-nps.iam.gserviceaccount.com",
            "project": "dse-nps",
            "role": "roles/artifactregistry.writer"
          },
          "sensitive_attributes": [],
          "private": "bnVsbA==",
          "dependencies": [
            "google_service_account.github_actions"
          ]
        }
      ]
    },
    {
      "mode": "managed",
      "type": "google_project_iam_member",
      "name": "cloudbuild_builder",
      "provider": "provider[\"registry.opentofu.org/hashicorp/google\"]",
      "instances": [
        {
          "schema_version": 0,
          "attributes": {
            "condition": [],
            "etag": "BwYN6wfS5ec=",
            "id": "dse-nps/roles/cloudbuild.builds.builder/serviceAccount:github-actions-service-account@dse-nps.iam.gserviceaccount.com",
            "member": "serviceAccount:github-actions-service-account@dse-nps.iam.gserviceaccount.com",
            "project": "dse-nps",
            "role": "roles/cloudbuild.builds.builder"
          },
          "sensitive_attributes": [],
          "private": "bnVsbA==",
          "dependencies": [
            "google_service_account.github_actions"
          ]
        }
      ]
    },
    {
      "mode": "managed",
      "type": "google_project_iam_member",
      "name": "run_admin",
      "provider": "provider[\"registry.opentofu.org/hashicorp/google\"]",
      "instances": [
        {
          "schema_version": 0,
          "attributes": {
            "condition": [],
            "etag": "BwYN6wfS5ec=",
            "id": "dse-nps/roles/run.admin/serviceAccount:github-actions-service-account@dse-nps.iam.gserviceaccount.com",
            "member": "serviceAccount:github-actions-service-account@dse-nps.iam.gserviceaccount.com",
            "project": "dse-nps",
            "role": "roles/run.admin"
          },
          "sensitive_attributes": [],
          "private": "bnVsbA==",
          "dependencies": [
            "google_service_account.github_actions"
          ]
        }
      ]
    },
    {
      "mode": "managed",
      "type": "google_project_iam_member",
      "name": "run_service_agent",
      "provider": "provider[\"registry.opentofu.org/hashicorp/google\"]",
      "instances": [
        {
          "schema_version": 0,
          "attributes": {
            "condition": [],
            "etag": "BwYN6wfS5ec=",
            "id": "dse-nps/roles/run.serviceAgent/serviceAccount:github-actions-service-account@dse-nps.iam.gserviceaccount.com",
            "member": "serviceAccount:github-actions-service-account@dse-nps.iam.gserviceaccount.com",
            "project": "dse-nps",
            "role": "roles/run.serviceAgent"
          },
          "sensitive_attributes": [],
          "private": "bnVsbA==",
          "dependencies": [
            "google_service_account.github_actions"
          ]
        }
      ]
    },
    {
      "mode": "managed",
      "type": "google_service_account",
      "name": "access_aws_secrets",
      "provider": "provider[\"registry.opentofu.org/hashicorp/google\"]",
      "instances": [
        {
          "schema_version": 0,
          "attributes": {
            "account_id": "cloud-run-aws-access",
            "description": "This service account is used by the Cloud Run service to access AWS Secrets",
            "disabled": false,
            "display_name": "Cloud Run AWS Access Service Account",
            "email": "cloud-run-aws-access@dse-nps.iam.gserviceaccount.com",
            "id": "projects/dse-nps/serviceAccounts/cloud-run-aws-access@dse-nps.iam.gserviceaccount.com",
            "member": "serviceAccount:cloud-run-aws-access@dse-nps.iam.gserviceaccount.com",
            "name": "projects/dse-nps/serviceAccounts/cloud-run-aws-access@dse-nps.iam.gserviceaccount.com",
            "project": "dse-nps",
            "timeouts": null,
            "unique_id": "105593077468163557452"
          },
          "sensitive_attributes": [],
          "private": "eyJlMmJmYjczMC1lY2FhLTExZTYtOGY4OC0zNDM2M2JjN2M0YzAiOnsiY3JlYXRlIjozMDAwMDAwMDAwMDB9fQ=="
        }
      ]
    },
    {
      "mode": "managed",
      "type": "google_service_account",
      "name": "github_actions",
      "provider": "provider[\"registry.opentofu.org/hashicorp/google\"]",
      "instances": [
        {
          "schema_version": 0,
          "attributes": {
            "account_id": "github-actions-service-account",
            "description": "This service account is used by GitHub Actions",
            "disabled": false,
            "display_name": "Github Actions Service Account",
            "email": "github-actions-service-account@dse-nps.iam.gserviceaccount.com",
            "id": "projects/dse-nps/serviceAccounts/github-actions-service-account@dse-nps.iam.gserviceaccount.com",
            "member": "serviceAccount:github-actions-service-account@dse-nps.iam.gserviceaccount.com",
            "name": "projects/dse-nps/serviceAccounts/github-actions-service-account@dse-nps.iam.gserviceaccount.com",
            "project": "dse-nps",
            "timeouts": null,
            "unique_id": "116366747476107162071"
          },
          "sensitive_attributes": [],
          "private": "eyJlMmJmYjczMC1lY2FhLTExZTYtOGY4OC0zNDM2M2JjN2M0YzAiOnsiY3JlYXRlIjozMDAwMDAwMDAwMDB9fQ=="
        }
      ]
    },
    {
      "mode": "managed",
      "type": "google_service_account_iam_binding",
      "name": "workload_identity_user",
      "provider": "provider[\"registry.opentofu.org/hashicorp/google\"]",
      "instances": [
        {
          "schema_version": 0,
          "attributes": {
            "condition": [],
            "etag": "BwYN2W2swkM=",
            "id": "projects/dse-nps/serviceAccounts/github-actions-service-account@dse-nps.iam.gserviceaccount.com/roles/iam.workloadIdentityUser",
            "members": [
              "principalSet://iam.googleapis.com/projects/113009620257/locations/global/workloadIdentityPools/github/attribute.repository/SchmidtDSE/burn-severity-mapping-poc"
            ],
            "role": "roles/iam.workloadIdentityUser",
            "service_account_id": "projects/dse-nps/serviceAccounts/github-actions-service-account@dse-nps.iam.gserviceaccount.com"
          },
          "sensitive_attributes": [],
          "private": "bnVsbA==",
          "dependencies": [
            "data.google_project.project",
            "google_iam_workload_identity_pool.pool",
            "google_service_account.github_actions"
          ]
        }
      ]
    }
  ],
  "check_results": null
}
