{
  "version": 4,
  "terraform_version": "1.6.0",
  "serial": 97,
  "lineage": "44075ebe-b91a-1e72-3b17-affdfb63c0f1",
  "outputs": {},
  "resources": [
    {
      "mode": "data",
      "type": "aws_iam_policy_document",
      "name": "assume_role_policy",
      "provider": "provider[\"registry.opentofu.org/hashicorp/aws\"]",
      "instances": [
        {
          "schema_version": 0,
          "attributes": {
            "id": "1555914350",
            "json": "{\n  \"Version\": \"2012-10-17\",\n  \"Statement\": [\n    {\n      \"Sid\": \"\",\n      \"Effect\": \"Allow\",\n      \"Action\": \"sts:AssumeRoleWithWebIdentity\",\n      \"Principal\": {\n        \"Federated\": \"arn:aws:iam::557418946771:oidc-provider/https://113009620257\"\n      },\n      \"Condition\": {\n        \"StringEquals\": {\n          \"https://113009620257.svc.id.goog:sub\": \"system:serviceaccount:113009620257.svc.id.goog[default/cloud-run-aws-access]\"\n        }\n      }\n    }\n  ]\n}",
            "override_json": null,
            "override_policy_documents": null,
            "policy_id": null,
            "source_json": null,
            "source_policy_documents": null,
            "statement": [
              {
                "actions": [
                  "sts:AssumeRoleWithWebIdentity"
                ],
                "condition": [
                  {
                    "test": "StringEquals",
                    "values": [
                      "system:serviceaccount:113009620257.svc.id.goog[default/cloud-run-aws-access]"
                    ],
                    "variable": "https://113009620257.svc.id.goog:sub"
                  }
                ],
                "effect": "Allow",
                "not_actions": [],
                "not_principals": [],
                "not_resources": [],
                "principals": [
                  {
                    "identifiers": [
                      "arn:aws:iam::557418946771:oidc-provider/https://113009620257"
                    ],
                    "type": "Federated"
                  }
                ],
                "resources": [],
                "sid": ""
              }
            ],
            "version": "2012-10-17"
          },
          "sensitive_attributes": []
        }
      ]
    },
    {
      "mode": "data",
      "type": "google_project",
      "name": "project",
      "provider": "provider[\"registry.opentofu.org/hashicorp/google\"]",
      "instances": [
        {
          "schema_version": 0,
          "attributes": {
            "auto_create_network": null,
            "billing_account": "01A7B5-9B470D-033A79",
            "effective_labels": {
              "earth-engine": ""
            },
            "folder_id": "607593678656",
            "id": "projects/dse-nps",
            "labels": {
              "earth-engine": ""
            },
            "name": "dse-nps",
            "number": "113009620257",
            "org_id": "",
            "project_id": "dse-nps",
            "skip_delete": null,
            "terraform_labels": {
              "earth-engine": ""
            }
          },
          "sensitive_attributes": []
        }
      ]
    },
    {
      "mode": "managed",
      "type": "aws_iam_role",
      "name": "role",
      "provider": "provider[\"registry.opentofu.org/hashicorp/aws\"]",
      "instances": [
        {
          "schema_version": 0,
          "attributes": {
            "arn": "arn:aws:iam::557418946771:role/aws_secrets_access_role",
            "assume_role_policy": "{\"Statement\":[{\"Action\":\"sts:AssumeRoleWithWebIdentity\",\"Condition\":{\"StringEquals\":{\"https://113009620257.svc.id.goog:sub\":\"system:serviceaccount:113009620257.svc.id.goog[default/cloud-run-aws-access]\"}},\"Effect\":\"Allow\",\"Principal\":{\"Federated\":\"arn:aws:iam::557418946771:oidc-provider/https://113009620257\"},\"Sid\":\"\"}],\"Version\":\"2012-10-17\"}",
            "create_date": "2024-01-01T02:48:06Z",
            "description": "",
            "force_detach_policies": false,
            "id": "aws_secrets_access_role",
            "inline_policy": [],
            "managed_policy_arns": [],
            "max_session_duration": 3600,
            "name": "aws_secrets_access_role",
            "name_prefix": "",
            "path": "/",
            "permissions_boundary": null,
            "role_last_used": [
              {
                "last_used_date": "",
                "region": ""
              }
            ],
            "tags": {},
            "tags_all": {},
            "unique_id": "AROAYDSGCEDJ2QUIFJOKU"
          },
          "sensitive_attributes": [],
          "private": "bnVsbA==",
          "dependencies": [
            "data.aws_iam_policy_document.assume_role_policy",
            "data.google_project.project",
            "google_service_account.access_aws_secrets"
          ]
        }
      ]
    },
    {
      "mode": "managed",
      "type": "aws_transfer_server",
      "name": "tf-sftp-burn-severity",
      "provider": "provider[\"registry.opentofu.org/hashicorp/aws\"]",
      "instances": [
        {
          "schema_version": 0,
          "attributes": {
            "arn": "arn:aws:transfer:us-east-2:557418946771:server/s-ef937729b03041ef8",
            "certificate": "",
            "directory_id": "",
            "domain": "S3",
            "endpoint": "s-ef937729b03041ef8.server.transfer.us-east-2.amazonaws.com",
            "endpoint_details": [],
            "endpoint_type": "PUBLIC",
            "force_destroy": false,
            "function": "",
            "host_key": null,
            "host_key_fingerprint": "SHA256:npfOCj6azmwssqsMmWpjgGBEQw6rV/reMlsnZxeEl8U=",
            "id": "s-ef937729b03041ef8",
            "identity_provider_type": "SERVICE_MANAGED",
            "invocation_role": "",
            "logging_role": "",
            "post_authentication_login_banner": "",
            "pre_authentication_login_banner": "",
            "protocol_details": [
              {
                "as2_transports": [],
                "passive_ip": "AUTO",
                "set_stat_option": "DEFAULT",
                "tls_session_resumption_mode": "ENFORCED"
              }
            ],
            "protocols": [
              "SFTP"
            ],
            "security_policy_name": "TransferSecurityPolicy-2018-11",
            "tags": {},
            "tags_all": {},
            "url": "",
            "workflow_details": []
          },
          "sensitive_attributes": [],
          "private": "bnVsbA=="
        }
      ]
    },
    {
      "mode": "managed",
      "type": "google_artifact_registry_repository",
      "name": "burn-backend",
      "provider": "provider[\"registry.opentofu.org/hashicorp/google\"]",
      "instances": [
        {
          "schema_version": 0,
          "attributes": {
            "create_time": "2023-12-31T03:14:03.513874Z",
            "description": "",
            "docker_config": [],
            "effective_labels": {},
            "format": "DOCKER",
            "id": "projects/dse-nps/locations/us-central1/repositories/burn-backend",
            "kms_key_name": "",
            "labels": {},
            "location": "us-central1",
            "maven_config": [],
            "mode": "STANDARD_REPOSITORY",
            "name": "burn-backend",
            "project": "dse-nps",
            "remote_repository_config": [],
            "repository_id": "burn-backend",
            "terraform_labels": {},
            "timeouts": null,
            "update_time": "2023-12-31T03:45:14.328411Z",
            "virtual_repository_config": []
          },
          "sensitive_attributes": [],
          "private": "eyJlMmJmYjczMC1lY2FhLTExZTYtOGY4OC0zNDM2M2JjN2M0YzAiOnsiY3JlYXRlIjoxMjAwMDAwMDAwMDAwLCJkZWxldGUiOjEyMDAwMDAwMDAwMDAsInVwZGF0ZSI6MTIwMDAwMDAwMDAwMH19"
        }
      ]
    },
    {
      "mode": "managed",
      "type": "google_cloud_run_service",
      "name": "tf-rest-burn-severity",
      "provider": "provider[\"registry.opentofu.org/hashicorp/google\"]",
      "instances": [
        {
          "schema_version": 2,
          "attributes": {
            "autogenerate_revision_name": false,
            "id": "locations/us-central1/namespaces/dse-nps/services/tf-rest-burn-severity",
            "location": "us-central1",
            "metadata": [
              {
                "annotations": {},
                "effective_annotations": {
                  "run.googleapis.com/client-name": "gcloud",
                  "run.googleapis.com/client-version": "457.0.0",
                  "run.googleapis.com/ingress": "all",
                  "run.googleapis.com/ingress-status": "all",
                  "run.googleapis.com/operation-id": "3592725c-3486-49e5-b7c1-acf0b8ab82d1",
                  "serving.knative.dev/creator": "npg@berkeley.edu",
                  "serving.knative.dev/lastModifier": "npg@berkeley.edu"
                },
                "effective_labels": {
                  "cloud.googleapis.com/location": "us-central1"
                },
                "generation": 8,
                "labels": {},
                "namespace": "dse-nps",
                "resource_version": "AAYN6wgtbpY",
                "self_link": "/apis/serving.knative.dev/v1/namespaces/113009620257/services/tf-rest-burn-severity",
                "terraform_labels": {},
                "uid": "21bd9415-f58f-4c49-a191-9450f2035ed6"
              }
            ],
            "name": "tf-rest-burn-severity",
            "project": "dse-nps",
            "status": [
              {
                "conditions": [
                  {
                    "message": "",
                    "reason": "",
                    "status": "True",
                    "type": "Ready"
                  },
                  {
                    "message": "",
                    "reason": "",
                    "status": "True",
                    "type": "ConfigurationsReady"
                  },
                  {
                    "message": "",
                    "reason": "",
                    "status": "True",
                    "type": "RoutesReady"
                  }
                ],
                "latest_created_revision_name": "tf-rest-burn-severity-00008-nj8",
                "latest_ready_revision_name": "tf-rest-burn-severity-00008-nj8",
                "observed_generation": 8,
                "traffic": [
                  {
                    "latest_revision": true,
                    "percent": 100,
                    "revision_name": "tf-rest-burn-severity-00008-nj8",
                    "tag": "",
                    "url": ""
                  }
                ],
                "url": "https://tf-rest-burn-severity-ohi6r6qs2a-uc.a.run.app"
              }
            ],
            "template": [
              {
                "metadata": [
                  {
                    "annotations": {
                      "autoscaling.knative.dev/maxScale": "100",
                      "run.googleapis.com/client-name": "gcloud",
                      "run.googleapis.com/client-version": "457.0.0"
                    },
                    "generation": 0,
                    "labels": {
                      "client.knative.dev/nonce": "edsorccfgy",
                      "run.googleapis.com/startupProbeType": "Default"
                    },
                    "name": "",
                    "namespace": "",
                    "resource_version": "",
                    "self_link": "",
                    "uid": ""
                  }
                ],
                "spec": [
                  {
                    "container_concurrency": 80,
                    "containers": [
                      {
                        "args": [],
                        "command": [],
                        "env": [
                          {
                            "name": "ENV",
                            "value": "CLOUD",
                            "value_from": []
                          }
                        ],
                        "env_from": [],
                        "image": "us-docker.pkg.dev/cloudrun/container/placeholder",
                        "liveness_probe": [],
                        "name": "",
                        "ports": [
                          {
                            "container_port": 8080,
                            "name": "http1",
                            "protocol": ""
                          }
                        ],
                        "resources": [
                          {
                            "limits": {
                              "cpu": "1000m",
                              "memory": "512Mi"
                            },
                            "requests": {}
                          }
                        ],
                        "startup_probe": [
                          {
                            "failure_threshold": 1,
                            "grpc": [],
                            "http_get": [],
                            "initial_delay_seconds": 0,
                            "period_seconds": 240,
                            "tcp_socket": [
                              {
                                "port": 8080
                              }
                            ],
                            "timeout_seconds": 240
                          }
                        ],
                        "volume_mounts": [],
                        "working_dir": ""
                      }
                    ],
                    "service_account_name": "cloud-run-aws-access@dse-nps.iam.gserviceaccount.com",
                    "serving_state": "",
                    "timeout_seconds": 300,
                    "volumes": []
                  }
                ]
              }
            ],
            "timeouts": null,
            "traffic": [
              {
                "latest_revision": true,
                "percent": 100,
                "revision_name": "",
                "tag": "",
                "url": ""
              }
            ]
          },
          "sensitive_attributes": [],
          "private": "eyJlMmJmYjczMC1lY2FhLTExZTYtOGY4OC0zNDM2M2JjN2M0YzAiOnsiY3JlYXRlIjoxMjAwMDAwMDAwMDAwLCJkZWxldGUiOjEyMDAwMDAwMDAwMDAsInVwZGF0ZSI6MTIwMDAwMDAwMDAwMH0sInNjaGVtYV92ZXJzaW9uIjoiMiJ9",
          "dependencies": [
            "google_service_account.access_aws_secrets"
          ]
        }
      ]
    },
    {
      "mode": "managed",
      "type": "google_iam_workload_identity_pool",
      "name": "pool",
      "provider": "provider[\"registry.opentofu.org/hashicorp/google\"]",
      "instances": [
        {
          "schema_version": 0,
          "attributes": {
            "description": "Workload identity pool for GitHub actions",
            "disabled": false,
            "display_name": "Github Actions Pool",
            "id": "projects/dse-nps/locations/global/workloadIdentityPools/github",
            "name": "projects/113009620257/locations/global/workloadIdentityPools/github",
            "project": "dse-nps",
            "state": "ACTIVE",
            "timeouts": null,
            "workload_identity_pool_id": "github"
          },
          "sensitive_attributes": [],
          "private": "eyJlMmJmYjczMC1lY2FhLTExZTYtOGY4OC0zNDM2M2JjN2M0YzAiOnsiY3JlYXRlIjoxMjAwMDAwMDAwMDAwLCJkZWxldGUiOjEyMDAwMDAwMDAwMDAsInVwZGF0ZSI6MTIwMDAwMDAwMDAwMH19"
        }
      ]
    },
    {
      "mode": "managed",
      "type": "google_iam_workload_identity_pool_provider",
      "name": "oidc",
      "provider": "provider[\"registry.opentofu.org/hashicorp/google\"]",
      "instances": [
        {
          "schema_version": 0,
          "attributes": {
            "attribute_condition": "",
            "attribute_mapping": {
              "attribute.actor": "assertion.actor",
              "attribute.repository": "assertion.repository",
              "google.subject": "assertion.sub"
            },
            "aws": [],
            "description": "",
            "disabled": false,
            "display_name": "GitHub OIDC Provider",
            "id": "projects/dse-nps/locations/global/workloadIdentityPools/github/providers/oidc-provider",
            "name": "projects/113009620257/locations/global/workloadIdentityPools/github/providers/oidc-provider",
            "oidc": [
              {
                "allowed_audiences": [],
                "issuer_uri": "https://token.actions.githubusercontent.com",
                "jwks_json": ""
              }
            ],
            "project": "dse-nps",
            "state": "ACTIVE",
            "timeouts": null,
            "workload_identity_pool_id": "github",
            "workload_identity_pool_provider_id": "oidc-provider"
          },
          "sensitive_attributes": [],
          "private": "eyJlMmJmYjczMC1lY2FhLTExZTYtOGY4OC0zNDM2M2JjN2M0YzAiOnsiY3JlYXRlIjoxMjAwMDAwMDAwMDAwLCJkZWxldGUiOjEyMDAwMDAwMDAwMDAsInVwZGF0ZSI6MTIwMDAwMDAwMDAwMH19",
          "dependencies": [
            "google_iam_workload_identity_pool.pool"
          ]
        }
      ]
    },
    {
      "mode": "managed",
      "type": "google_project_iam_member",
      "name": "SA_get_access_token",
      "provider": "provider[\"registry.opentofu.org/hashicorp/google\"]",
      "instances": [
        {
          "schema_version": 0,
          "attributes": {
            "condition": [],
            "etag": "BwYN2W3d4EU=",
            "id": "dse-nps/roles/iam.serviceAccountTokenCreator/serviceAccount:github-actions-service-account@dse-nps.iam.gserviceaccount.com",
            "member": "serviceAccount:github-actions-service-account@dse-nps.iam.gserviceaccount.com",
            "project": "dse-nps",
            "role": "roles/iam.serviceAccountTokenCreator"
          },
          "sensitive_attributes": [],
          "private": "bnVsbA==",
          "dependencies": [
            "google_service_account.github_actions"
          ]
        }
      ]
    },
    {
      "mode": "managed",
      "type": "google_project_iam_member",
      "name": "artifact_registry_writer",
      "provider": "provider[\"registry.opentofu.org/hashicorp/google\"]",
      "instances": [
        {
          "schema_version": 0,
          "attributes": {
            "condition": [],
            "etag": "BwYN6wfS5ec=",
            "id": "dse-nps/roles/artifactregistry.writer/serviceAccount:github-actions-service-account@dse-nps.iam.gserviceaccount.com",
            "member": "serviceAccount:github-actions-service-account@dse-nps.iam.gserviceaccount.com",
            "project": "dse-nps",
            "role": "roles/artifactregistry.writer"
          },
          "sensitive_attributes": [],
          "private": "bnVsbA==",
          "dependencies": [
            "google_service_account.github_actions"
          ]
        }
      ]
    },
    {
      "mode": "managed",
      "type": "google_project_iam_member",
      "name": "cloudbuild_builder",
      "provider": "provider[\"registry.opentofu.org/hashicorp/google\"]",
      "instances": [
        {
          "schema_version": 0,
          "attributes": {
            "condition": [],
            "etag": "BwYN2W3d4EU=",
            "id": "dse-nps/roles/cloudbuild.builds.builder/serviceAccount:github-actions-service-account@dse-nps.iam.gserviceaccount.com",
            "member": "serviceAccount:github-actions-service-account@dse-nps.iam.gserviceaccount.com",
            "project": "dse-nps",
            "role": "roles/cloudbuild.builds.builder"
          },
          "sensitive_attributes": [],
          "private": "bnVsbA==",
          "dependencies": [
            "google_service_account.github_actions"
          ]
        }
      ]
    },
    {
      "mode": "managed",
      "type": "google_project_iam_member",
      "name": "run_admin",
      "provider": "provider[\"registry.opentofu.org/hashicorp/google\"]",
      "instances": [
        {
          "schema_version": 0,
          "attributes": {
            "condition": [],
            "etag": "BwYN2W3d4EU=",
            "id": "dse-nps/roles/run.admin/serviceAccount:github-actions-service-account@dse-nps.iam.gserviceaccount.com",
            "member": "serviceAccount:github-actions-service-account@dse-nps.iam.gserviceaccount.com",
            "project": "dse-nps",
            "role": "roles/run.admin"
          },
          "sensitive_attributes": [],
          "private": "bnVsbA==",
          "dependencies": [
            "google_service_account.github_actions"
          ]
        }
      ]
    },
    {
      "mode": "managed",
      "type": "google_project_iam_member",
      "name": "run_service_agent",
      "provider": "provider[\"registry.opentofu.org/hashicorp/google\"]",
      "instances": [
        {
          "schema_version": 0,
          "attributes": {
            "condition": [],
            "etag": "BwYN2W3d4EU=",
            "id": "dse-nps/roles/run.serviceAgent/serviceAccount:github-actions-service-account@dse-nps.iam.gserviceaccount.com",
            "member": "serviceAccount:github-actions-service-account@dse-nps.iam.gserviceaccount.com",
            "project": "dse-nps",
            "role": "roles/run.serviceAgent"
          },
          "sensitive_attributes": [],
          "private": "bnVsbA==",
          "dependencies": [
            "google_service_account.github_actions"
          ]
        }
      ]
    },
    {
      "mode": "managed",
      "type": "google_service_account",
      "name": "access_aws_secrets",
      "provider": "provider[\"registry.opentofu.org/hashicorp/google\"]",
      "instances": [
        {
          "schema_version": 0,
          "attributes": {
            "account_id": "cloud-run-aws-access",
            "description": "This service account is used by the Cloud Run service to access AWS Secrets",
            "disabled": false,
            "display_name": "Cloud Run AWS Access Service Account",
            "email": "cloud-run-aws-access@dse-nps.iam.gserviceaccount.com",
            "id": "projects/dse-nps/serviceAccounts/cloud-run-aws-access@dse-nps.iam.gserviceaccount.com",
            "member": "serviceAccount:cloud-run-aws-access@dse-nps.iam.gserviceaccount.com",
            "name": "projects/dse-nps/serviceAccounts/cloud-run-aws-access@dse-nps.iam.gserviceaccount.com",
            "project": "dse-nps",
            "timeouts": null,
            "unique_id": "105593077468163557452"
          },
          "sensitive_attributes": [],
          "private": "eyJlMmJmYjczMC1lY2FhLTExZTYtOGY4OC0zNDM2M2JjN2M0YzAiOnsiY3JlYXRlIjozMDAwMDAwMDAwMDB9fQ=="
        }
      ]
    },
    {
      "mode": "managed",
      "type": "google_service_account",
      "name": "github_actions",
      "provider": "provider[\"registry.opentofu.org/hashicorp/google\"]",
      "instances": [
        {
          "schema_version": 0,
          "attributes": {
            "account_id": "github-actions-service-account",
            "description": "This service account is used by GitHub Actions",
            "disabled": false,
            "display_name": "Github Actions Service Account",
            "email": "github-actions-service-account@dse-nps.iam.gserviceaccount.com",
            "id": "projects/dse-nps/serviceAccounts/github-actions-service-account@dse-nps.iam.gserviceaccount.com",
            "member": "serviceAccount:github-actions-service-account@dse-nps.iam.gserviceaccount.com",
            "name": "projects/dse-nps/serviceAccounts/github-actions-service-account@dse-nps.iam.gserviceaccount.com",
            "project": "dse-nps",
            "timeouts": null,
            "unique_id": "116366747476107162071"
          },
          "sensitive_attributes": [],
          "private": "eyJlMmJmYjczMC1lY2FhLTExZTYtOGY4OC0zNDM2M2JjN2M0YzAiOnsiY3JlYXRlIjozMDAwMDAwMDAwMDB9fQ=="
        }
      ]
    },
    {
      "mode": "managed",
      "type": "google_service_account_iam_binding",
      "name": "workload_identity_user",
      "provider": "provider[\"registry.opentofu.org/hashicorp/google\"]",
      "instances": [
        {
          "schema_version": 0,
          "attributes": {
            "condition": [],
            "etag": "BwYN2W2swkM=",
            "id": "projects/dse-nps/serviceAccounts/github-actions-service-account@dse-nps.iam.gserviceaccount.com/roles/iam.workloadIdentityUser",
            "members": [
              "principalSet://iam.googleapis.com/projects/113009620257/locations/global/workloadIdentityPools/github/attribute.repository/SchmidtDSE/burn-severity-mapping-poc"
            ],
            "role": "roles/iam.workloadIdentityUser",
            "service_account_id": "projects/dse-nps/serviceAccounts/github-actions-service-account@dse-nps.iam.gserviceaccount.com"
          },
          "sensitive_attributes": [],
          "private": "bnVsbA==",
          "dependencies": [
            "data.google_project.project",
            "google_iam_workload_identity_pool.pool",
            "google_service_account.github_actions"
          ]
        }
      ]
    }
  ],
  "check_results": null
}
